<?xml version="1.0" encoding="utf-8"?>
<Project ToolsVersion="4.0" xmlns="http://schemas.microsoft.com/developer/msbuild/2003">
  <ItemGroup>
    <Filter Include="Header Files">
      <UniqueIdentifier>{3bc20112-9e8b-4938-b9e5-40721f25b8d9}</UniqueIdentifier>
      <Extensions>h;hpp;hxx;hm;inl;fi;fd</Extensions>
    </Filter>
    <Filter Include="Resource Files">
      <UniqueIdentifier>{900201e3-a4ad-4023-b092-b993b7276a65}</UniqueIdentifier>
      <Extensions>ico;cur;bmp;dlg;rc2;rct;bin;cnt;rtf;gif;jpg;jpeg;jpe</Extensions>
    </Filter>
    <Filter Include="Client">
      <UniqueIdentifier>{9adfda68-2f1c-4444-95c4-f97bcae8bf8a}</UniqueIdentifier>
    </Filter>
    <Filter Include="Common">
      <UniqueIdentifier>{2dc832fe-4ce3-40bb-b578-30ebbab909b6}</UniqueIdentifier>
    </Filter>
    <Filter Include="Win32">
      <UniqueIdentifier>{ef3c4845-f620-4b59-a79e-1654dd9a58e2}</UniqueIdentifier>
    </Filter>
    <Filter Include="Server">
      <UniqueIdentifier>{940d9690-bad9-41b6-8406-c2da267bb095}</UniqueIdentifier>
    </Filter>
    <Filter Include="Server\NPCNav">
      <UniqueIdentifier>{93d0fd49-0e11-43d9-814b-5d06076de923}</UniqueIdentifier>
    </Filter>
    <Filter Include="Sound">
      <UniqueIdentifier>{0048a66e-bc4a-4ffb-88ed-e7cff82e44f3}</UniqueIdentifier>
    </Filter>
    <Filter Include="Sound\MP3">
      <UniqueIdentifier>{2adbfee7-0f17-481d-be0c-7c15d49611c1}</UniqueIdentifier>
    </Filter>
    <Filter Include="Sound\MP3\MP3 Headers">
      <UniqueIdentifier>{d7350873-93fe-44bb-ab83-7efdb0076c92}</UniqueIdentifier>
    </Filter>
    <Filter Include="Sound\EAX">
      <UniqueIdentifier>{acd7008c-11c4-42e7-ba0b-f7a2d32a078b}</UniqueIdentifier>
    </Filter>
    <Filter Include="Sound\OpenAL">
      <UniqueIdentifier>{3f4329e4-8071-46b0-a83c-888faf2b31ef}</UniqueIdentifier>
    </Filter>
    <Filter Include="Renderer">
      <UniqueIdentifier>{2825d2e6-bdea-442c-9ef6-a264a06d23df}</UniqueIdentifier>
    </Filter>
    <Filter Include="Renderer\jpeg files">
      <UniqueIdentifier>{53b6503c-aa6c-43ea-9b61-94b1f7df4c4d}</UniqueIdentifier>
    </Filter>
    <Filter Include="Renderer\jpeg files\JPG Source">
      <UniqueIdentifier>{86e95714-0092-49ea-8a8a-dfdc85ac6150}</UniqueIdentifier>
    </Filter>
    <Filter Include="Renderer\jpeg files\JPG Headers">
      <UniqueIdentifier>{1bf13653-2fe9-4d31-8d09-bb0a862faa64}</UniqueIdentifier>
    </Filter>
    <Filter Include="Renderer\png">
      <UniqueIdentifier>{1941561d-b3d0-4efc-88ab-051102f59c7b}</UniqueIdentifier>
    </Filter>
    <Filter Include="Ghoul2">
      <UniqueIdentifier>{01101dbb-3e30-4cc6-b28a-702761c5d935}</UniqueIdentifier>
    </Filter>
    <Filter Include="zlib32">
      <UniqueIdentifier>{ec10a678-c5c8-4690-8b73-1f8f3f19021f}</UniqueIdentifier>
    </Filter>
    <Filter Include="SmartHeap">
      <UniqueIdentifier>{f82069da-f09e-4a29-9299-b49c13387aab}</UniqueIdentifier>
    </Filter>
    <Filter Include="Debug">
      <UniqueIdentifier>{59aa5770-bb6f-43cc-9419-94c022542caa}</UniqueIdentifier>
    </Filter>
    <Filter Include="RMG">
      <UniqueIdentifier>{4de6f9a3-3da0-4380-812f-31ed319ad9c6}</UniqueIdentifier>
    </Filter>
    <Filter Include="ICARUS">
      <UniqueIdentifier>{a76718e7-9f64-46db-9815-a6da12f02f36}</UniqueIdentifier>
    </Filter>
    <Filter Include="Ravl">
      <UniqueIdentifier>{eec02b2a-6738-442d-b2a9-e7b180e9016a}</UniqueIdentifier>
    </Filter>
    <Filter Include="Ratl">
      <UniqueIdentifier>{922326e2-aefc-4ac1-81bf-142cf712b8d0}</UniqueIdentifier>
    </Filter>
  </ItemGroup>
  <ItemGroup>
    <ClInclude Include="game\anims.h">
      <Filter>Header Files</Filter>
    </ClInclude>
    <ClInclude Include="game\bg_weapons.h">
      <Filter>Header Files</Filter>
    </ClInclude>
    <ClInclude Include="game\botlib.h">
      <Filter>Header Files</Filter>
    </ClInclude>
    <ClInclude Include="qcommon\disablewarnings.h">
      <Filter>Header Files</Filter>
    </ClInclude>
    <ClInclude Include="qcommon\platform.h">
      <Filter>Header Files</Filter>
    </ClInclude>
    <ClInclude Include="win32\resource.h">
      <Filter>Header Files</Filter>
    </ClInclude>
    <ClInclude Include="ui\ui_public.h">
      <Filter>Header Files</Filter>
    </ClInclude>
    <ClInclude Include="client\FXExport.h">
      <Filter>Client</Filter>
    </ClInclude>
    <ClInclude Include="client\FxPrimitives.h">
      <Filter>Client</Filter>
    </ClInclude>
    <ClInclude Include="client\FxScheduler.h">
      <Filter>Client</Filter>
    </ClInclude>
    <ClInclude Include="client\FxSystem.h">
      <Filter>Client</Filter>
    </ClInclude>
    <ClInclude Include="client\FxUtil.h">
      <Filter>Client</Filter>
    </ClInclude>
    <ClInclude Include="client\client.h">
      <Filter>Client</Filter>
    </ClInclude>
    <ClInclude Include="qcommon\GenericParser2.h">
      <Filter>Common</Filter>
    </ClInclude>
    <ClInclude Include="qcommon\INetProfile.h">
      <Filter>Common</Filter>
    </ClInclude>
    <ClInclude Include="qcommon\MiniHeap.h">
      <Filter>Common</Filter>
    </ClInclude>
    <ClInclude Include="qcommon\RoffSystem.h">
      <Filter>Common</Filter>
    </ClInclude>
    <ClInclude Include="game\bg_public.h">
      <Filter>Common</Filter>
    </ClInclude>
    <ClInclude Include="cgame\cg_public.h">
      <Filter>Common</Filter>
    </ClInclude>
    <ClInclude Include="qcommon\chash.h">
      <Filter>Common</Filter>
    </ClInclude>
    <ClInclude Include="qcommon\cm_draw.h">
      <Filter>Common</Filter>
    </ClInclude>
    <ClInclude Include="qcommon\cm_landscape.h">
      <Filter>Common</Filter>
    </ClInclude>
    <ClInclude Include="qcommon\cm_local.h">
      <Filter>Common</Filter>
    </ClInclude>
    <ClInclude Include="qcommon\cm_patch.h">
      <Filter>Common</Filter>
    </ClInclude>
    <ClInclude Include="qcommon\cm_polylib.h">
      <Filter>Common</Filter>
    </ClInclude>
    <ClInclude Include="qcommon\cm_public.h">
      <Filter>Common</Filter>
    </ClInclude>
    <ClInclude Include="qcommon\cm_randomterrain.h">
      <Filter>Common</Filter>
    </ClInclude>
    <ClInclude Include="qcommon\cm_terrainmap.h">
      <Filter>Common</Filter>
    </ClInclude>
    <ClInclude Include="qcommon\exe_headers.h">
      <Filter>Common</Filter>
    </ClInclude>
    <ClInclude Include="qcommon\files.h">
      <Filter>Common</Filter>
    </ClInclude>
    <ClInclude Include="game\g_public.h">
      <Filter>Common</Filter>
    </ClInclude>
    <ClInclude Include="qcommon\game_version.h">
      <Filter>Common</Filter>
    </ClInclude>
    <ClInclude Include="qcommon\hstring.h">
      <Filter>Common</Filter>
    </ClInclude>
    <ClInclude Include="ui\keycodes.h">
      <Filter>Common</Filter>
    </ClInclude>
    <ClInclude Include="client\keys.h">
      <Filter>Common</Filter>
    </ClInclude>
    <ClInclude Include="game\q_shared.h">
      <Filter>Common</Filter>
    </ClInclude>
    <ClInclude Include="qcommon\qcommon.h">
      <Filter>Common</Filter>
    </ClInclude>
    <ClInclude Include="qcommon\qfiles.h">
      <Filter>Common</Filter>
    </ClInclude>
    <ClInclude Include="renderer\qgl.h">
      <Filter>Common</Filter>
    </ClInclude>
    <ClInclude Include="qcommon\sstring.h">
      <Filter>Common</Filter>
    </ClInclude>
    <ClInclude Include="qcommon\stringed_ingame.h">
      <Filter>Common</Filter>
    </ClInclude>
    <ClInclude Include="qcommon\stringed_interface.h">
      <Filter>Common</Filter>
    </ClInclude>
    <ClInclude Include="game\surfaceflags.h">
      <Filter>Common</Filter>
    </ClInclude>
    <ClInclude Include="qcommon\tags.h">
      <Filter>Common</Filter>
    </ClInclude>
    <ClInclude Include="qcommon\timing.h">
      <Filter>Common</Filter>
    </ClInclude>
    <ClInclude Include="qcommon\unzip.h">
      <Filter>Common</Filter>
    </ClInclude>
    <ClInclude Include="qcommon\vm_local.h">
      <Filter>Common</Filter>
    </ClInclude>
    <ClInclude Include="win32\AutoVersion.h">
      <Filter>Win32</Filter>
    </ClInclude>
    <ClInclude Include="win32\glw_win.h">
      <Filter>Win32</Filter>
    </ClInclude>
    <ClInclude Include="win32\win_local.h">
      <Filter>Win32</Filter>
    </ClInclude>
    <ClInclude Include="server\server.h">
      <Filter>Server</Filter>
    </ClInclude>
    <ClInclude Include="server\NPCNav\navigator.h">
      <Filter>Server\NPCNav</Filter>
    </ClInclude>
    <ClInclude Include="client\snd_ambient.h">
      <Filter>Sound</Filter>
    </ClInclude>
    <ClInclude Include="client\snd_local.h">
      <Filter>Sound</Filter>
    </ClInclude>
    <ClInclude Include="client\snd_mp3.h">
      <Filter>Sound</Filter>
    </ClInclude>
    <ClInclude Include="client\snd_music.h">
      <Filter>Sound</Filter>
    </ClInclude>
    <ClInclude Include="client\snd_public.h">
      <Filter>Sound</Filter>
    </ClInclude>
    <ClInclude Include="mp3code\config.h">
      <Filter>Sound\MP3\MP3 Headers</Filter>
    </ClInclude>
    <ClInclude Include="mp3code\copyright.h">
      <Filter>Sound\MP3\MP3 Headers</Filter>
    </ClInclude>
    <ClInclude Include="mp3code\htable.h">
      <Filter>Sound\MP3\MP3 Headers</Filter>
    </ClInclude>
    <ClInclude Include="mp3code\jdw.h">
      <Filter>Sound\MP3\MP3 Headers</Filter>
    </ClInclude>
    <ClInclude Include="mp3code\l3.h">
      <Filter>Sound\MP3\MP3 Headers</Filter>
    </ClInclude>
    <ClInclude Include="mp3code\mhead.h">
      <Filter>Sound\MP3\MP3 Headers</Filter>
    </ClInclude>
    <ClInclude Include="mp3code\mp3struct.h">
      <Filter>Sound\MP3\MP3 Headers</Filter>
    </ClInclude>
    <ClInclude Include="mp3code\port.h">
      <Filter>Sound\MP3\MP3 Headers</Filter>
    </ClInclude>
    <ClInclude Include="mp3code\small_header.h">
      <Filter>Sound\MP3\MP3 Headers</Filter>
    </ClInclude>
    <ClInclude Include="mp3code\tableawd.h">
      <Filter>Sound\MP3\MP3 Headers</Filter>
    </ClInclude>
    <ClInclude Include="client\eax\EaxMan.h">
      <Filter>Sound\EAX</Filter>
    </ClInclude>
    <ClInclude Include="client\eax\eax.h">
      <Filter>Sound\EAX</Filter>
    </ClInclude>
    <ClInclude Include="client\OpenAL\al.h">
      <Filter>Sound\OpenAL</Filter>
    </ClInclude>
    <ClInclude Include="client\OpenAL\alc.h">
      <Filter>Sound\OpenAL</Filter>
    </ClInclude>
    <ClInclude Include="client\OpenAL\alctypes.h">
      <Filter>Sound\OpenAL</Filter>
    </ClInclude>
    <ClInclude Include="client\OpenAL\altypes.h">
      <Filter>Sound\OpenAL</Filter>
    </ClInclude>
    <ClInclude Include="client\OpenAL\alu.h">
      <Filter>Sound\OpenAL</Filter>
    </ClInclude>
    <ClInclude Include="client\OpenAL\alut.h">
      <Filter>Sound\OpenAL</Filter>
    </ClInclude>
    <ClInclude Include="renderer\glext.h">
      <Filter>Renderer</Filter>
    </ClInclude>
    <ClInclude Include="renderer\matcomp.h">
      <Filter>Renderer</Filter>
    </ClInclude>
    <ClInclude Include="renderer\tr_WorldEffects.h">
      <Filter>Renderer</Filter>
    </ClInclude>
    <ClInclude Include="renderer\tr_font.h">
      <Filter>Renderer</Filter>
    </ClInclude>
    <ClInclude Include="renderer\tr_landscape.h">
      <Filter>Renderer</Filter>
    </ClInclude>
    <ClInclude Include="renderer\tr_local.h">
      <Filter>Renderer</Filter>
    </ClInclude>
    <ClInclude Include="renderer\tr_public.h">
      <Filter>Renderer</Filter>
    </ClInclude>
    <ClInclude Include="renderer\tr_quicksprite.h">
      <Filter>Renderer</Filter>
    </ClInclude>
    <ClInclude Include="cgame\tr_types.h">
      <Filter>Renderer</Filter>
    </ClInclude>
    <ClInclude Include="jpeg-6\jchuff.h">
      <Filter>Renderer\jpeg files\JPG Headers</Filter>
    </ClInclude>
    <ClInclude Include="jpeg-6\jconfig.h">
      <Filter>Renderer\jpeg files\JPG Headers</Filter>
    </ClInclude>
    <ClInclude Include="jpeg-6\jdct.h">
      <Filter>Renderer\jpeg files\JPG Headers</Filter>
    </ClInclude>
    <ClInclude Include="jpeg-6\jdhuff.h">
      <Filter>Renderer\jpeg files\JPG Headers</Filter>
    </ClInclude>
    <ClInclude Include="jpeg-6\jerror.h">
      <Filter>Renderer\jpeg files\JPG Headers</Filter>
    </ClInclude>
    <ClInclude Include="jpeg-6\jinclude.h">
      <Filter>Renderer\jpeg files\JPG Headers</Filter>
    </ClInclude>
    <ClInclude Include="jpeg-6\jmemsys.h">
      <Filter>Renderer\jpeg files\JPG Headers</Filter>
    </ClInclude>
    <ClInclude Include="jpeg-6\jmorecfg.h">
      <Filter>Renderer\jpeg files\JPG Headers</Filter>
    </ClInclude>
    <ClInclude Include="jpeg-6\jpegint.h">
      <Filter>Renderer\jpeg files\JPG Headers</Filter>
    </ClInclude>
    <ClInclude Include="jpeg-6\jpeglib.h">
      <Filter>Renderer\jpeg files\JPG Headers</Filter>
    </ClInclude>
    <ClInclude Include="jpeg-6\jversion.h">
      <Filter>Renderer\jpeg files\JPG Headers</Filter>
    </ClInclude>
    <ClInclude Include="png\png.h">
      <Filter>Renderer\png</Filter>
    </ClInclude>
    <ClInclude Include="ghoul2\G2.h">
      <Filter>Ghoul2</Filter>
    </ClInclude>
    <ClInclude Include="ghoul2\G2_gore.h">
      <Filter>Ghoul2</Filter>
    </ClInclude>
    <ClInclude Include="ghoul2\G2_local.h">
      <Filter>Ghoul2</Filter>
    </ClInclude>
    <ClInclude Include="ghoul2\ghoul2_shared.h">
      <Filter>Ghoul2</Filter>
    </ClInclude>
    <ClInclude Include="renderer\mdx_format.h">
      <Filter>Ghoul2</Filter>
    </ClInclude>
    <ClInclude Include="zlib32\deflate.h">
      <Filter>zlib32</Filter>
    </ClInclude>
    <ClInclude Include="zlib32\inflate.h">
      <Filter>zlib32</Filter>
    </ClInclude>
    <ClInclude Include="zlib32\zip.h">
      <Filter>zlib32</Filter>
    </ClInclude>
    <ClInclude Include="RMG\RM_Area.h">
      <Filter>RMG</Filter>
    </ClInclude>
    <ClInclude Include="RMG\RM_Headers.h">
      <Filter>RMG</Filter>
    </ClInclude>
    <ClInclude Include="RMG\RM_Instance.h">
      <Filter>RMG</Filter>
    </ClInclude>
    <ClInclude Include="RMG\RM_InstanceFile.h">
      <Filter>RMG</Filter>
    </ClInclude>
    <ClInclude Include="RMG\RM_Instance_BSP.h">
      <Filter>RMG</Filter>
    </ClInclude>
    <ClInclude Include="RMG\RM_Instance_Group.h">
      <Filter>RMG</Filter>
    </ClInclude>
    <ClInclude Include="RMG\RM_Instance_Random.h">
      <Filter>RMG</Filter>
    </ClInclude>
    <ClInclude Include="RMG\RM_Instance_Void.h">
      <Filter>RMG</Filter>
    </ClInclude>
    <ClInclude Include="RMG\RM_Manager.h">
      <Filter>RMG</Filter>
    </ClInclude>
    <ClInclude Include="RMG\RM_Mission.h">
      <Filter>RMG</Filter>
    </ClInclude>
    <ClInclude Include="RMG\RM_Objective.h">
      <Filter>RMG</Filter>
    </ClInclude>
    <ClInclude Include="RMG\RM_Path.h">
      <Filter>RMG</Filter>
    </ClInclude>
    <ClInclude Include="RMG\RM_Terrain.h">
      <Filter>RMG</Filter>
    </ClInclude>
    <ClInclude Include="icarus\GameInterface.h">
      <Filter>ICARUS</Filter>
    </ClInclude>
    <ClInclude Include="icarus\Q3_Interface.h">
      <Filter>ICARUS</Filter>
    </ClInclude>
    <ClInclude Include="icarus\Q3_Registers.h">
      <Filter>ICARUS</Filter>
    </ClInclude>
    <ClInclude Include="icarus\blockstream.h">
      <Filter>ICARUS</Filter>
    </ClInclude>
    <ClInclude Include="icarus\icarus.h">
      <Filter>ICARUS</Filter>
    </ClInclude>
    <ClInclude Include="icarus\instance.h">
      <Filter>ICARUS</Filter>
    </ClInclude>
    <ClInclude Include="icarus\interface.h">
      <Filter>ICARUS</Filter>
    </ClInclude>
    <ClInclude Include="icarus\interpreter.h">
      <Filter>ICARUS</Filter>
    </ClInclude>
    <ClInclude Include="icarus\module.h">
      <Filter>ICARUS</Filter>
    </ClInclude>
    <ClInclude Include="icarus\sequence.h">
      <Filter>ICARUS</Filter>
    </ClInclude>
    <ClInclude Include="icarus\sequencer.h">
      <Filter>ICARUS</Filter>
    </ClInclude>
    <ClInclude Include="icarus\taskmanager.h">
      <Filter>ICARUS</Filter>
    </ClInclude>
    <ClInclude Include="icarus\tokenizer.h">
      <Filter>ICARUS</Filter>
    </ClInclude>
    <ClInclude Include="Ravl\CVec.h">
      <Filter>Ravl</Filter>
    </ClInclude>
    <ClInclude Include="Ratl\bits_vs.h">
      <Filter>Ratl</Filter>
    </ClInclude>
    <ClInclude Include="Ratl\ratl_common.h">
      <Filter>Ratl</Filter>
    </ClInclude>
    <ClInclude Include="Ratl\vector_vs.h">
      <Filter>Ratl</Filter>
    </ClInclude>
  </ItemGroup>
  <ItemGroup>
    <Library Include="ALut.lib">
      <Filter>Resource Files</Filter>
    </Library>
    <Library Include="OpenAL32.lib">
      <Filter>Resource Files</Filter>
    </Library>
  </ItemGroup>
  <ItemGroup>
    <None Include="EaxMan.dll">
      <Filter>Resource Files</Filter>
    </None>
    <None Include="OpenAL32.dll">
      <Filter>Resource Files</Filter>
    </None>
    <None Include="win32\qe3.ico">
      <Filter>Resource Files</Filter>
    </None>
  </ItemGroup>
  <ItemGroup>
    <ResourceCompile Include="win32\winquake.rc">
      <Filter>Resource Files</Filter>
    </ResourceCompile>
  </ItemGroup>
  <ItemGroup>
    <ClCompile Include="client\0_SH_Leak.cpp">
      <Filter>Client</Filter>
    </ClCompile>
    <ClCompile Include="client\FXExport.cpp">
      <Filter>Client</Filter>
    </ClCompile>
    <ClCompile Include="client\FxPrimitives.cpp">
      <Filter>Client</Filter>
    </ClCompile>
    <ClCompile Include="client\FxScheduler.cpp">
      <Filter>Client</Filter>
    </ClCompile>
    <ClCompile Include="client\FxSystem.cpp">
      <Filter>Client</Filter>
    </ClCompile>
    <ClCompile Include="client\FxTemplate.cpp">
      <Filter>Client</Filter>
    </ClCompile>
    <ClCompile Include="client\FxUtil.cpp">
      <Filter>Client</Filter>
    </ClCompile>
    <ClCompile Include="client\cl_cgame.cpp">
      <Filter>Client</Filter>
    </ClCompile>
    <ClCompile Include="client\cl_cin.cpp">
      <Filter>Client</Filter>
    </ClCompile>
    <ClCompile Include="client\cl_console.cpp">
      <Filter>Client</Filter>
    </ClCompile>
    <ClCompile Include="client\cl_input.cpp">
      <Filter>Client</Filter>
    </ClCompile>
    <ClCompile Include="client\cl_keys.cpp">
      <Filter>Client</Filter>
    </ClCompile>
    <ClCompile Include="client\cl_main.cpp">
      <Filter>Client</Filter>
    </ClCompile>
    <ClCompile Include="client\cl_net_chan.cpp">
      <Filter>Client</Filter>
    </ClCompile>
    <ClCompile Include="client\cl_parse.cpp">
      <Filter>Client</Filter>
    </ClCompile>
    <ClCompile Include="client\cl_scrn.cpp">
      <Filter>Client</Filter>
    </ClCompile>
    <ClCompile Include="client\cl_ui.cpp">
      <Filter>Client</Filter>
    </ClCompile>
    <ClCompile Include="qcommon\CNetProfile.cpp">
      <Filter>Common</Filter>
    </ClCompile>
    <ClCompile Include="qcommon\GenericParser2.cpp">
      <Filter>Common</Filter>
    </ClCompile>
    <ClCompile Include="qcommon\RoffSystem.cpp">
      <Filter>Common</Filter>
    </ClCompile>
    <ClCompile Include="qcommon\cm_draw.cpp">
      <Filter>Common</Filter>
    </ClCompile>
    <ClCompile Include="qcommon\cm_load.cpp">
      <Filter>Common</Filter>
    </ClCompile>
    <ClCompile Include="qcommon\cm_patch.cpp">
      <Filter>Common</Filter>
    </ClCompile>
    <ClCompile Include="qcommon\cm_polylib.cpp">
      <Filter>Common</Filter>
    </ClCompile>
    <ClCompile Include="qcommon\cm_randomterrain.cpp">
      <Filter>Common</Filter>
    </ClCompile>
    <ClCompile Include="qcommon\cm_shader.cpp">
      <Filter>Common</Filter>
    </ClCompile>
    <ClCompile Include="qcommon\cm_terrain.cpp">
      <Filter>Common</Filter>
    </ClCompile>
    <ClCompile Include="qcommon\cm_terrainmap.cpp">
      <Filter>Common</Filter>
    </ClCompile>
    <ClCompile Include="qcommon\cm_test.cpp">
      <Filter>Common</Filter>
    </ClCompile>
    <ClCompile Include="qcommon\cm_trace.cpp">
      <Filter>Common</Filter>
    </ClCompile>
    <ClCompile Include="qcommon\cmd_common.cpp">
      <Filter>Common</Filter>
    </ClCompile>
    <ClCompile Include="qcommon\cmd_pc.cpp">
      <Filter>Common</Filter>
    </ClCompile>
    <ClCompile Include="qcommon\common.cpp">
      <Filter>Common</Filter>
    </ClCompile>
    <ClCompile Include="qcommon\cvar.cpp">
      <Filter>Common</Filter>
    </ClCompile>
    <ClCompile Include="qcommon\exe_headers.cpp">
      <Filter>Common</Filter>
    </ClCompile>
    <ClCompile Include="qcommon\files_common.cpp">
      <Filter>Common</Filter>
    </ClCompile>
    <ClCompile Include="qcommon\files_pc.cpp">
      <Filter>Common</Filter>
    </ClCompile>
    <ClCompile Include="qcommon\hstring.cpp">
      <Filter>Common</Filter>
    </ClCompile>
    <ClCompile Include="qcommon\huffman.cpp">
      <Filter>Common</Filter>
    </ClCompile>
    <ClCompile Include="qcommon\md4.cpp">
      <Filter>Common</Filter>
    </ClCompile>
    <ClCompile Include="qcommon\msg.cpp">
      <Filter>Common</Filter>
    </ClCompile>
    <ClCompile Include="qcommon\net_chan.cpp">
      <Filter>Common</Filter>
    </ClCompile>
    <ClCompile Include="game\q_math.c">
      <Filter>Common</Filter>
    </ClCompile>
    <ClCompile Include="qcommon\q_math.cpp">
      <Filter>Common</Filter>
    </ClCompile>
    <ClCompile Include="game\q_shared.c">
      <Filter>Common</Filter>
    </ClCompile>
    <ClCompile Include="qcommon\q_shared.cpp">
      <Filter>Common</Filter>
    </ClCompile>
    <ClCompile Include="qcommon\stringed_ingame.cpp">
      <Filter>Common</Filter>
    </ClCompile>
    <ClCompile Include="qcommon\stringed_interface.cpp">
      <Filter>Common</Filter>
    </ClCompile>
    <ClCompile Include="qcommon\unzip.cpp">
      <Filter>Common</Filter>
    </ClCompile>
    <ClCompile Include="qcommon\vm.cpp">
      <Filter>Common</Filter>
    </ClCompile>
    <ClCompile Include="qcommon\vm_interpreted.cpp">
      <Filter>Common</Filter>
    </ClCompile>
    <ClCompile Include="qcommon\vm_x86.cpp">
      <Filter>Common</Filter>
    </ClCompile>
    <ClCompile Include="qcommon\z_memman_pc.cpp">
      <Filter>Common</Filter>
    </ClCompile>
    <ClCompile Include="win32\win_input.cpp">
      <Filter>Win32</Filter>
    </ClCompile>
    <ClCompile Include="win32\win_main.cpp">
      <Filter>Win32</Filter>
    </ClCompile>
    <ClCompile Include="win32\win_net.cpp">
      <Filter>Win32</Filter>
    </ClCompile>
    <ClCompile Include="win32\win_shared.cpp">
      <Filter>Win32</Filter>
    </ClCompile>
    <ClCompile Include="win32\win_snd.cpp">
      <Filter>Win32</Filter>
    </ClCompile>
    <ClCompile Include="win32\win_syscon.cpp">
      <Filter>Win32</Filter>
    </ClCompile>
    <ClCompile Include="win32\win_wndproc.cpp">
      <Filter>Win32</Filter>
    </ClCompile>
    <ClCompile Include="server\sv_bot.cpp">
      <Filter>Server</Filter>
    </ClCompile>
    <ClCompile Include="server\sv_ccmds.cpp">
      <Filter>Server</Filter>
    </ClCompile>
    <ClCompile Include="server\sv_client.cpp">
      <Filter>Server</Filter>
    </ClCompile>
    <ClCompile Include="server\sv_game.cpp">
      <Filter>Server</Filter>
    </ClCompile>
    <ClCompile Include="server\sv_init.cpp">
      <Filter>Server</Filter>
    </ClCompile>
    <ClCompile Include="server\sv_main.cpp">
      <Filter>Server</Filter>
    </ClCompile>
    <ClCompile Include="server\sv_net_chan.cpp">
      <Filter>Server</Filter>
    </ClCompile>
    <ClCompile Include="server\sv_snapshot.cpp">
      <Filter>Server</Filter>
    </ClCompile>
    <ClCompile Include="server\sv_world.cpp">
      <Filter>Server</Filter>
    </ClCompile>
    <ClCompile Include="server\NPCNav\gameCallbacks.cpp">
      <Filter>Server\NPCNav</Filter>
    </ClCompile>
    <ClCompile Include="server\NPCNav\navigator.cpp">
      <Filter>Server\NPCNav</Filter>
    </ClCompile>
    <ClCompile Include="client\snd_ambient.cpp">
      <Filter>Sound</Filter>
    </ClCompile>
    <ClCompile Include="client\snd_dma.cpp">
      <Filter>Sound</Filter>
    </ClCompile>
    <ClCompile Include="client\snd_mem.cpp">
      <Filter>Sound</Filter>
    </ClCompile>
    <ClCompile Include="client\snd_mix.cpp">
      <Filter>Sound</Filter>
    </ClCompile>
    <ClCompile Include="client\snd_mp3.cpp">
      <Filter>Sound</Filter>
    </ClCompile>
    <ClCompile Include="client\snd_music.cpp">
      <Filter>Sound</Filter>
    </ClCompile>
    <ClCompile Include="mp3code\cdct.c">
      <Filter>Sound\MP3</Filter>
    </ClCompile>
    <ClCompile Include="mp3code\csbt.c">
      <Filter>Sound\MP3</Filter>
    </ClCompile>
    <ClCompile Include="mp3code\csbtb.c">
      <Filter>Sound\MP3</Filter>
    </ClCompile>
    <ClCompile Include="mp3code\csbtl3.c">
      <Filter>Sound\MP3</Filter>
    </ClCompile>
    <ClCompile Include="mp3code\cup.c">
      <Filter>Sound\MP3</Filter>
    </ClCompile>
    <ClCompile Include="mp3code\cupini.c">
      <Filter>Sound\MP3</Filter>
    </ClCompile>
    <ClCompile Include="mp3code\cupl1.c">
      <Filter>Sound\MP3</Filter>
    </ClCompile>
    <ClCompile Include="mp3code\cupl3.c">
      <Filter>Sound\MP3</Filter>
    </ClCompile>
    <ClCompile Include="mp3code\cwin.c">
      <Filter>Sound\MP3</Filter>
    </ClCompile>
    <ClCompile Include="mp3code\cwinb.c">
      <Filter>Sound\MP3</Filter>
    </ClCompile>
    <ClCompile Include="mp3code\cwinm.c">
      <Filter>Sound\MP3</Filter>
    </ClCompile>
    <ClCompile Include="mp3code\hwin.c">
      <Filter>Sound\MP3</Filter>
    </ClCompile>
    <ClCompile Include="mp3code\l3dq.c">
      <Filter>Sound\MP3</Filter>
    </ClCompile>
    <ClCompile Include="mp3code\l3init.c">
      <Filter>Sound\MP3</Filter>
    </ClCompile>
    <ClCompile Include="mp3code\mdct.c">
      <Filter>Sound\MP3</Filter>
    </ClCompile>
    <ClCompile Include="mp3code\mhead.c">
      <Filter>Sound\MP3</Filter>
    </ClCompile>
    <ClCompile Include="mp3code\msis.c">
      <Filter>Sound\MP3</Filter>
    </ClCompile>
    <ClCompile Include="mp3code\towave.c">
      <Filter>Sound\MP3</Filter>
    </ClCompile>
    <ClCompile Include="mp3code\uph.c">
      <Filter>Sound\MP3</Filter>
    </ClCompile>
    <ClCompile Include="mp3code\upsf.c">
      <Filter>Sound\MP3</Filter>
    </ClCompile>
    <ClCompile Include="mp3code\wavep.c">
      <Filter>Sound\MP3</Filter>
    </ClCompile>
    <ClCompile Include="renderer\matcomp.c">
      <Filter>Renderer</Filter>
    </ClCompile>
    <ClCompile Include="renderer\tr_WorldEffects.cpp">
      <Filter>Renderer</Filter>
    </ClCompile>
    <ClCompile Include="renderer\tr_animation.cpp">
      <Filter>Renderer</Filter>
    </ClCompile>
    <ClCompile Include="renderer\tr_arioche.cpp">
      <Filter>Renderer</Filter>
    </ClCompile>
    <ClCompile Include="renderer\tr_backend.cpp">
      <Filter>Renderer</Filter>
    </ClCompile>
    <ClCompile Include="renderer\tr_bsp.cpp">
      <Filter>Renderer</Filter>
    </ClCompile>
    <ClCompile Include="renderer\tr_cmds.cpp">
      <Filter>Renderer</Filter>
    </ClCompile>
    <ClCompile Include="renderer\tr_curve.cpp">
      <Filter>Renderer</Filter>
    </ClCompile>
    <ClCompile Include="renderer\tr_font.cpp">
      <Filter>Renderer</Filter>
    </ClCompile>
    <ClCompile Include="renderer\tr_ghoul2.cpp">
      <Filter>Renderer</Filter>
    </ClCompile>
    <ClCompile Include="renderer\tr_image.cpp">
      <Filter>Renderer</Filter>
    </ClCompile>
    <ClCompile Include="renderer\tr_init.cpp">
      <Filter>Renderer</Filter>
    </ClCompile>
    <ClCompile Include="renderer\tr_light.cpp">
      <Filter>Renderer</Filter>
    </ClCompile>
    <ClCompile Include="renderer\tr_main.cpp">
      <Filter>Renderer</Filter>
    </ClCompile>
    <ClCompile Include="renderer\tr_marks.cpp">
      <Filter>Renderer</Filter>
    </ClCompile>
    <ClCompile Include="renderer\tr_mesh.cpp">
      <Filter>Renderer</Filter>
    </ClCompile>
    <ClCompile Include="renderer\tr_model.cpp">
      <Filter>Renderer</Filter>
    </ClCompile>
    <ClCompile Include="renderer\tr_noise.cpp">
      <Filter>Renderer</Filter>
    </ClCompile>
    <ClCompile Include="renderer\tr_quicksprite.cpp">
      <Filter>Renderer</Filter>
    </ClCompile>
    <ClCompile Include="renderer\tr_scene.cpp">
      <Filter>Renderer</Filter>
    </ClCompile>
    <ClCompile Include="renderer\tr_shade.cpp">
      <Filter>Renderer</Filter>
    </ClCompile>
    <ClCompile Include="renderer\tr_shade_calc.cpp">
      <Filter>Renderer</Filter>
    </ClCompile>
    <ClCompile Include="renderer\tr_shader.cpp">
      <Filter>Renderer</Filter>
    </ClCompile>
    <ClCompile Include="renderer\tr_shadows.cpp">
      <Filter>Renderer</Filter>
    </ClCompile>
    <ClCompile Include="renderer\tr_sky.cpp">
      <Filter>Renderer</Filter>
    </ClCompile>
    <ClCompile Include="renderer\tr_surface.cpp">
      <Filter>Renderer</Filter>
    </ClCompile>
    <ClCompile Include="renderer\tr_surfacesprites.cpp">
      <Filter>Renderer</Filter>
    </ClCompile>
    <ClCompile Include="renderer\tr_terrain.cpp">
      <Filter>Renderer</Filter>
    </ClCompile>
    <ClCompile Include="renderer\tr_world.cpp">
      <Filter>Renderer</Filter>
    </ClCompile>
    <ClCompile Include="win32\win_gamma.cpp">
      <Filter>Renderer</Filter>
    </ClCompile>
    <ClCompile Include="win32\win_glimp.cpp">
      <Filter>Renderer</Filter>
    </ClCompile>
    <ClCompile Include="win32\win_qgl.cpp">
      <Filter>Renderer</Filter>
    </ClCompile>
    <ClCompile Include="jpeg-6\jcapimin.cpp">
      <Filter>Renderer\jpeg files\JPG Source</Filter>
    </ClCompile>
    <ClCompile Include="jpeg-6\jccoefct.cpp">
      <Filter>Renderer\jpeg files\JPG Source</Filter>
    </ClCompile>
    <ClCompile Include="jpeg-6\jccolor.cpp">
      <Filter>Renderer\jpeg files\JPG Source</Filter>
    </ClCompile>
    <ClCompile Include="jpeg-6\jcdctmgr.cpp">
      <Filter>Renderer\jpeg files\JPG Source</Filter>
    </ClCompile>
    <ClCompile Include="jpeg-6\jchuff.cpp">
      <Filter>Renderer\jpeg files\JPG Source</Filter>
    </ClCompile>
    <ClCompile Include="jpeg-6\jcinit.cpp">
      <Filter>Renderer\jpeg files\JPG Source</Filter>
    </ClCompile>
    <ClCompile Include="jpeg-6\jcmainct.cpp">
      <Filter>Renderer\jpeg files\JPG Source</Filter>
    </ClCompile>
    <ClCompile Include="jpeg-6\jcmarker.cpp">
      <Filter>Renderer\jpeg files\JPG Source</Filter>
    </ClCompile>
    <ClCompile Include="jpeg-6\jcmaster.cpp">
      <Filter>Renderer\jpeg files\JPG Source</Filter>
    </ClCompile>
    <ClCompile Include="jpeg-6\jcomapi.cpp">
      <Filter>Renderer\jpeg files\JPG Source</Filter>
    </ClCompile>
    <ClCompile Include="jpeg-6\jcparam.cpp">
      <Filter>Renderer\jpeg files\JPG Source</Filter>
    </ClCompile>
    <ClCompile Include="jpeg-6\jcphuff.cpp">
      <Filter>Renderer\jpeg files\JPG Source</Filter>
    </ClCompile>
    <ClCompile Include="jpeg-6\jcprepct.cpp">
      <Filter>Renderer\jpeg files\JPG Source</Filter>
    </ClCompile>
    <ClCompile Include="jpeg-6\jcsample.cpp">
      <Filter>Renderer\jpeg files\JPG Source</Filter>
    </ClCompile>
    <ClCompile Include="jpeg-6\jctrans.cpp">
      <Filter>Renderer\jpeg files\JPG Source</Filter>
    </ClCompile>
    <ClCompile Include="jpeg-6\jdapimin.cpp">
      <Filter>Renderer\jpeg files\JPG Source</Filter>
    </ClCompile>
    <ClCompile Include="jpeg-6\jdapistd.cpp">
      <Filter>Renderer\jpeg files\JPG Source</Filter>
    </ClCompile>
    <ClCompile Include="jpeg-6\jdatadst.cpp">
      <Filter>Renderer\jpeg files\JPG Source</Filter>
    </ClCompile>
    <ClCompile Include="jpeg-6\jdatasrc.cpp">
      <Filter>Renderer\jpeg files\JPG Source</Filter>
    </ClCompile>
    <ClCompile Include="jpeg-6\jdcoefct.cpp">
      <Filter>Renderer\jpeg files\JPG Source</Filter>
    </ClCompile>
    <ClCompile Include="jpeg-6\jdcolor.cpp">
      <Filter>Renderer\jpeg files\JPG Source</Filter>
    </ClCompile>
    <ClCompile Include="jpeg-6\jddctmgr.cpp">
      <Filter>Renderer\jpeg files\JPG Source</Filter>
    </ClCompile>
    <ClCompile Include="jpeg-6\jdhuff.cpp">
      <Filter>Renderer\jpeg files\JPG Source</Filter>
    </ClCompile>
    <ClCompile Include="jpeg-6\jdinput.cpp">
      <Filter>Renderer\jpeg files\JPG Source</Filter>
    </ClCompile>
    <ClCompile Include="jpeg-6\jdmainct.cpp">
      <Filter>Renderer\jpeg files\JPG Source</Filter>
    </ClCompile>
    <ClCompile Include="jpeg-6\jdmarker.cpp">
      <Filter>Renderer\jpeg files\JPG Source</Filter>
    </ClCompile>
    <ClCompile Include="jpeg-6\jdmaster.cpp">
      <Filter>Renderer\jpeg files\JPG Source</Filter>
    </ClCompile>
    <ClCompile Include="jpeg-6\jdpostct.cpp">
      <Filter>Renderer\jpeg files\JPG Source</Filter>
    </ClCompile>
    <ClCompile Include="jpeg-6\jdsample.cpp">
      <Filter>Renderer\jpeg files\JPG Source</Filter>
    </ClCompile>
    <ClCompile Include="jpeg-6\jdtrans.cpp">
      <Filter>Renderer\jpeg files\JPG Source</Filter>
    </ClCompile>
    <ClCompile Include="jpeg-6\jerror.cpp">
      <Filter>Renderer\jpeg files\JPG Source</Filter>
    </ClCompile>
    <ClCompile Include="jpeg-6\jfdctflt.cpp">
      <Filter>Renderer\jpeg files\JPG Source</Filter>
    </ClCompile>
    <ClCompile Include="jpeg-6\jidctflt.cpp">
      <Filter>Renderer\jpeg files\JPG Source</Filter>
    </ClCompile>
    <ClCompile Include="jpeg-6\jmemmgr.cpp">
      <Filter>Renderer\jpeg files\JPG Source</Filter>
    </ClCompile>
    <ClCompile Include="jpeg-6\jmemnobs.cpp">
      <Filter>Renderer\jpeg files\JPG Source</Filter>
    </ClCompile>
    <ClCompile Include="jpeg-6\jutils.cpp">
      <Filter>Renderer\jpeg files\JPG Source</Filter>
    </ClCompile>
    <ClCompile Include="png\png.cpp">
      <Filter>Renderer\png</Filter>
    </ClCompile>
    <ClCompile Include="ghoul2\G2_API.cpp">
      <Filter>Ghoul2</Filter>
    </ClCompile>
    <ClCompile Include="ghoul2\G2_bolts.cpp">
      <Filter>Ghoul2</Filter>
    </ClCompile>
    <ClCompile Include="ghoul2\G2_bones.cpp">
      <Filter>Ghoul2</Filter>
    </ClCompile>
    <ClCompile Include="ghoul2\G2_misc.cpp">
      <Filter>Ghoul2</Filter>
    </ClCompile>
    <ClCompile Include="ghoul2\G2_surfaces.cpp">
      <Filter>Ghoul2</Filter>
    </ClCompile>
    <ClCompile Include="zlib32\deflate.cpp">
      <Filter>zlib32</Filter>
    </ClCompile>
    <ClCompile Include="zlib32\inflate.cpp">
      <Filter>zlib32</Filter>
    </ClCompile>
    <ClCompile Include="zlib32\zipcommon.cpp">
      <Filter>zlib32</Filter>
    </ClCompile>
    <ClCompile Include="smartheap\SMRTHEAP.C">
      <Filter>SmartHeap</Filter>
    </ClCompile>
    <ClCompile Include="RMG\RM_Area.cpp">
      <Filter>RMG</Filter>
    </ClCompile>
    <ClCompile Include="RMG\RM_Instance.cpp">
      <Filter>RMG</Filter>
    </ClCompile>
    <ClCompile Include="RMG\RM_InstanceFile.cpp">
      <Filter>RMG</Filter>
    </ClCompile>
    <ClCompile Include="RMG\RM_Instance_BSP.cpp">
      <Filter>RMG</Filter>
    </ClCompile>
    <ClCompile Include="RMG\RM_Instance_Group.cpp">
      <Filter>RMG</Filter>
    </ClCompile>
    <ClCompile Include="RMG\RM_Instance_Random.cpp">
      <Filter>RMG</Filter>
    </ClCompile>
    <ClCompile Include="RMG\RM_Instance_Void.cpp">
      <Filter>RMG</Filter>
    </ClCompile>
    <ClCompile Include="RMG\RM_Manager.cpp">
      <Filter>RMG</Filter>
    </ClCompile>
    <ClCompile Include="RMG\RM_Mission.cpp">
      <Filter>RMG</Filter>
    </ClCompile>
    <ClCompile Include="RMG\RM_Objective.cpp">
      <Filter>RMG</Filter>
    </ClCompile>
    <ClCompile Include="RMG\RM_Path.cpp">
      <Filter>RMG</Filter>
    </ClCompile>
    <ClCompile Include="RMG\RM_Terrain.cpp">
      <Filter>RMG</Filter>
    </ClCompile>
    <ClCompile Include="icarus\BlockStream.cpp">
      <Filter>ICARUS</Filter>
    </ClCompile>
    <ClCompile Include="icarus\GameInterface.cpp">
      <Filter>ICARUS</Filter>
    </ClCompile>
    <ClCompile Include="icarus\Instance.cpp">
      <Filter>ICARUS</Filter>
    </ClCompile>
    <ClCompile Include="icarus\Interface.cpp">
      <Filter>ICARUS</Filter>
    </ClCompile>
    <ClCompile Include="icarus\Memory.cpp">
      <Filter>ICARUS</Filter>
    </ClCompile>
    <ClCompile Include="icarus\Q3_Interface.cpp">
      <Filter>ICARUS</Filter>
    </ClCompile>
    <ClCompile Include="icarus\Q3_Registers.cpp">
      <Filter>ICARUS</Filter>
    </ClCompile>
    <ClCompile Include="icarus\Sequence.cpp">
      <Filter>ICARUS</Filter>
    </ClCompile>
    <ClCompile Include="icarus\Sequencer.cpp">
      <Filter>ICARUS</Filter>
    </ClCompile>
    <ClCompile Include="icarus\TaskManager.cpp">
      <Filter>ICARUS</Filter>
    </ClCompile>
  </ItemGroup>
  <ItemGroup>
    <CustomBuildStep Include="smartheap\HA312W32.DLL">
      <Filter>SmartHeap</Filter>
    </CustomBuildStep>
    <CustomBuildStep Include="smartheap\HAW32M.LIB">
      <Filter>SmartHeap</Filter>
    </CustomBuildStep>
    <CustomBuildStep Include="smartheap\HEAPAGNT.H">
      <Filter>SmartHeap</Filter>
    </CustomBuildStep>
    <CustomBuildStep Include="smartheap\SHW32.DLL">
      <Filter>SmartHeap</Filter>
    </CustomBuildStep>
    <CustomBuildStep Include="smartheap\SMRTHEAP.H">
      <Filter>SmartHeap</Filter>
    </CustomBuildStep>
    <CustomBuildStep Include="smartheap\smrtheap.hpp">
      <Filter>SmartHeap</Filter>
    </CustomBuildStep>
    <CustomBuildStep Include="Debug\HA312W32.DLL">
      <Filter>Debug</Filter>
    </CustomBuildStep>
    <CustomBuildStep Include="Debug\SHW32.DLL">
      <Filter>Debug</Filter>
    </CustomBuildStep>
  </ItemGroup>
</Project>