Microsoft Visual Studio Solution File, Format Version 11.00
# Visual Studio 2010
Project("{8BC9CEB8-8B4A-11D0-8D11-00A0C91BC942}") = "JK2cgame", "cgame\JK2_cgame.vcxproj", "{08CB94AE-1F68-FAB3-E138-D1E66E7B8057}"
EndProject
Project("{8BC9CEB8-8B4A-11D0-8D11-00A0C91BC942}") = "JK2game", "game\JK2_game.vcxproj", "{5A2413B5-7BE2-C1DC-CBF9-C6864B6FAFDD}"
EndProject
Project("{8BC9CEB8-8B4A-11D0-8D11-00A0C91BC942}") = "WinDed", "WinDed.vcxproj", "{14E6220F-FA69-79B8-80F3-F6662B2942C3}"
EndProject
Project("{8BC9CEB8-8B4A-11D0-8D11-00A0C91BC942}") = "botlib", "botlib\botlib.vcxproj", "{8BB99250-213D-D887-CB21-6332D31E723F}"
EndProject
Project("{8BC9CEB8-8B4A-11D0-8D11-00A0C91BC942}") = "exe", "jk2mp.vcxproj", "{196E83C2-F7AB-B7A7-D6AD-781C70E9C690}"
EndProject
Project("{8BC9CEB8-8B4A-11D0-8D11-00A0C91BC942}") = "ui", "ui\ui.vcxproj", "{C8EA0FD2-0FA9-67F1-8D8B-49B8A555B1B1}"
EndProject
Project("{8BC9CEB8-8B4A-11D0-8D11-00A0C91BC942}") = "x_botlib", "x_botlib\x_botlib.vcproj", "{ACB93D0D-F6CB-480B-9B20-CE6C5EDC13BD}"
EndProject
Project("{8BC9CEB8-8B4A-11D0-8D11-00A0C91BC942}") = "x_exe", "x_exe\x_exe.vcproj", "{EEDF772D-5D2B-4C0F-B5C8-0A5828917847}"
	ProjectSection(ProjectDependencies) = postProject
		{0959DD50-BCBA-4551-9617-E6FD4DF85298} = {0959DD50-BCBA-4551-9617-E6FD4DF85298}
		{ACB93D0D-F6CB-480B-9B20-CE6C5EDC13BD} = {ACB93D0D-F6CB-480B-9B20-CE6C5EDC13BD}
		{C79C9037-8F32-4833-A276-96B2FB96CCA5} = {C79C9037-8F32-4833-A276-96B2FB96CCA5}
		{A0451C0A-0B2F-400A-BBB1-98F517FAB30B} = {A0451C0A-0B2F-400A-BBB1-98F517FAB30B}
		{613EA919-780E-416D-90A9-67D3EB27F899} = {613EA919-780E-416D-90A9-67D3EB27F899}
	EndProjectSection
EndProject
Project("{8BC9CEB8-8B4A-11D0-8D11-00A0C91BC942}") = "x_jk2cgame", "x_jk2cgame\x_jk2cgame.vcproj", "{C79C9037-8F32-4833-A276-96B2FB96CCA5}"
EndProject
Project("{8BC9CEB8-8B4A-11D0-8D11-00A0C91BC942}") = "x_jk2game", "x_jk2game\x_jk2game.vcproj", "{A0451C0A-0B2F-400A-BBB1-98F517FAB30B}"
EndProject
Project("{8BC9CEB8-8B4A-11D0-8D11-00A0C91BC942}") = "x_ui", "x_ui\x_ui.vcproj", "{613EA919-780E-416D-90A9-67D3EB27F899}"
EndProject
Project("{8BC9CEB8-8B4A-11D0-8D11-00A0C91BC942}") = "goblib", "goblib\goblib.vcproj", "{0959DD50-BCBA-4551-9617-E6FD4DF85298}"
EndProject
Project("{2150E333-8FDC-42A3-9474-1A3956D46DE8}") = "Solution Items", "Solution Items", "{B677D2A3-9BD7-40CC-9BFF-B45B3D7A2477}"
	ProjectSection(SolutionItems) = preProject
		CommandLine.txt = CommandLine.txt
		install.bat = install.bat
		VU.bat = VU.bat
	EndProjectSection
EndProject
Global
	GlobalSection(SolutionConfigurationPlatforms) = preSolution
		Debug(SH)|Win32 = Debug(SH)|Win32
		Debug|Win32 = Debug|Win32
		Final|Win32 = Final|Win32
		Release|Win32 = Release|Win32
	EndGlobalSection
	GlobalSection(ProjectConfigurationPlatforms) = postSolution
		{08CB94AE-1F68-FAB3-E138-D1E66E7B8057}.Debug(SH)|Win32.ActiveCfg = Debug(SH)|Win32
		{08CB94AE-1F68-FAB3-E138-D1E66E7B8057}.Debug|Win32.ActiveCfg = Debug|Win32
		{08CB94AE-1F68-FAB3-E138-D1E66E7B8057}.Final|Win32.ActiveCfg = Final|Win32
		{08CB94AE-1F68-FAB3-E138-D1E66E7B8057}.Release|Win32.ActiveCfg = Release|Win32
		{5A2413B5-7BE2-C1DC-CBF9-C6864B6FAFDD}.Debug(SH)|Win32.ActiveCfg = Debug(SH)|Win32
		{5A2413B5-7BE2-C1DC-CBF9-C6864B6FAFDD}.Debug|Win32.ActiveCfg = Debug|Win32
		{5A2413B5-7BE2-C1DC-CBF9-C6864B6FAFDD}.Final|Win32.ActiveCfg = Final|Win32
		{5A2413B5-7BE2-C1DC-CBF9-C6864B6FAFDD}.Release|Win32.ActiveCfg = Release|Win32
		{14E6220F-FA69-79B8-80F3-F6662B2942C3}.Debug(SH)|Win32.ActiveCfg = Debug|Win32
		{14E6220F-FA69-79B8-80F3-F6662B2942C3}.Debug|Win32.ActiveCfg = Debug|Win32
		{14E6220F-FA69-79B8-80F3-F6662B2942C3}.Final|Win32.ActiveCfg = Release|Win32
		{14E6220F-FA69-79B8-80F3-F6662B2942C3}.Release|Win32.ActiveCfg = Release|Win32
		{8BB99250-213D-D887-CB21-6332D31E723F}.Debug(SH)|Win32.ActiveCfg = Debug(SH)|Win32
		{8BB99250-213D-D887-CB21-6332D31E723F}.Debug|Win32.ActiveCfg = Debug|Win32
		{8BB99250-213D-D887-CB21-6332D31E723F}.Final|Win32.ActiveCfg = Final|Win32
		{8BB99250-213D-D887-CB21-6332D31E723F}.Release|Win32.ActiveCfg = Release|Win32
		{196E83C2-F7AB-B7A7-D6AD-781C70E9C690}.Debug(SH)|Win32.ActiveCfg = Debug(SH)|Win32
		{196E83C2-F7AB-B7A7-D6AD-781C70E9C690}.Debug|Win32.ActiveCfg = Debug|Win32
		{196E83C2-F7AB-B7A7-D6AD-781C70E9C690}.Final|Win32.ActiveCfg = Final|Win32
		{196E83C2-F7AB-B7A7-D6AD-781C70E9C690}.Release|Win32.ActiveCfg = Release|Win32
		{C8EA0FD2-0FA9-67F1-8D8B-49B8A555B1B1}.Debug(SH)|Win32.ActiveCfg = Debug(SH)|Win32
		{C8EA0FD2-0FA9-67F1-8D8B-49B8A555B1B1}.Debug|Win32.ActiveCfg = Debug|Win32
		{C8EA0FD2-0FA9-67F1-8D8B-49B8A555B1B1}.Final|Win32.ActiveCfg = Final|Win32
		{C8EA0FD2-0FA9-67F1-8D8B-49B8A555B1B1}.Release|Win32.ActiveCfg = Release|Win32
		{ACB93D0D-F6CB-480B-9B20-CE6C5EDC13BD}.Debug(SH)|Win32.ActiveCfg = Debug|Xbox
		{ACB93D0D-F6CB-480B-9B20-CE6C5EDC13BD}.Debug|Win32.ActiveCfg = Debug|Xbox
		{ACB93D0D-F6CB-480B-9B20-CE6C5EDC13BD}.Final|Win32.ActiveCfg = Release|Xbox
		{ACB93D0D-F6CB-480B-9B20-CE6C5EDC13BD}.Release|Win32.ActiveCfg = Release|Xbox
		{EEDF772D-5D2B-4C0F-B5C8-0A5828917847}.Debug(SH)|Win32.ActiveCfg = Debug|Xbox
		{EEDF772D-5D2B-4C0F-B5C8-0A5828917847}.Debug|Win32.ActiveCfg = Debug|Xbox
		{EEDF772D-5D2B-4C0F-B5C8-0A5828917847}.Final|Win32.ActiveCfg = Release|Xbox
		{EEDF772D-5D2B-4C0F-B5C8-0A5828917847}.Release|Win32.ActiveCfg = Release|Xbox
		{C79C9037-8F32-4833-A276-96B2FB96CCA5}.Debug(SH)|Win32.ActiveCfg = Debug|Xbox
		{C79C9037-8F32-4833-A276-96B2FB96CCA5}.Debug|Win32.ActiveCfg = Debug|Xbox
		{C79C9037-8F32-4833-A276-96B2FB96CCA5}.Final|Win32.ActiveCfg = Release|Xbox
		{C79C9037-8F32-4833-A276-96B2FB96CCA5}.Release|Win32.ActiveCfg = Release|Xbox
		{A0451C0A-0B2F-400A-BBB1-98F517FAB30B}.Debug(SH)|Win32.ActiveCfg = Debug|Xbox
		{A0451C0A-0B2F-400A-BBB1-98F517FAB30B}.Debug|Win32.ActiveCfg = Debug|Xbox
		{A0451C0A-0B2F-400A-BBB1-98F517FAB30B}.Final|Win32.ActiveCfg = Release|Xbox
		{A0451C0A-0B2F-400A-BBB1-98F517FAB30B}.Release|Win32.ActiveCfg = Release|Xbox
		{613EA919-780E-416D-90A9-67D3EB27F899}.Debug(SH)|Win32.ActiveCfg = Debug|Xbox
		{613EA919-780E-416D-90A9-67D3EB27F899}.Debug|Win32.ActiveCfg = Debug|Xbox
		{613EA919-780E-416D-90A9-67D3EB27F899}.Final|Win32.ActiveCfg = Release|Xbox
		{613EA919-780E-416D-90A9-67D3EB27F899}.Release|Win32.ActiveCfg = Release|Xbox
		{0959DD50-BCBA-4551-9617-E6FD4DF85298}.Debug(SH)|Win32.ActiveCfg = Debug|Xbox
		{0959DD50-BCBA-4551-9617-E6FD4DF85298}.Debug|Win32.ActiveCfg = Debug|Xbox
		{0959DD50-BCBA-4551-9617-E6FD4DF85298}.Final|Win32.ActiveCfg = Release|Xbox
		{0959DD50-BCBA-4551-9617-E6FD4DF85298}.Release|Win32.ActiveCfg = Release|Xbox
	EndGlobalSection
	GlobalSection(SolutionProperties) = preSolution
		HideSolutionNode = FALSE
	EndGlobalSection
	GlobalSection(DevPartner) = postSolution
	EndGlobalSection
EndGlobal
