Microsoft Visual Studio Solution File, Format Version 11.00
# Visual Studio 2010
Project("{2150E333-8FDC-42A3-9474-1A3956D46DE8}") = "Solution Items", "Solution Items", "{EEEC91EE-A27F-470B-BFC2-5946263F012C}"
	ProjectSection(SolutionItems) = preProject
		CommandLine.txt = CommandLine.txt
		install.bat = install.bat
		VU.bat = VU.bat
	EndProjectSection
EndProject
Project("{8BC9CEB8-8B4A-11D0-8D11-00A0C91BC942}") = "JK2cgame", "cgame\JK2_cgame.vcxproj", "{AF630E11-F457-EB9B-37AA-3499AA403EF8}"
EndProject
Project("{8BC9CEB8-8B4A-11D0-8D11-00A0C91BC942}") = "JK2game", "game\JK2_game.vcxproj", "{E77DE51A-179C-3C05-4DFD-996687FDF972}"
EndProject
Project("{8BC9CEB8-8B4A-11D0-8D11-00A0C91BC942}") = "WinDed", "WinDed.vcxproj", "{CB713468-D080-531E-1A46-53A7535C1720}"
EndProject
Project("{8BC9CEB8-8B4A-11D0-8D11-00A0C91BC942}") = "botlib", "botlib\botlib.vcxproj", "{678A5EF1-4481-2121-99C1-7E0E15E01E87}"
EndProject
Project("{8BC9CEB8-8B4A-11D0-8D11-00A0C91BC942}") = "exe", "jk2mp.vcxproj", "{1D562060-F895-09A2-C836-4F79483C0CC9}"
EndProject
Project("{8BC9CEB8-8B4A-11D0-8D11-00A0C91BC942}") = "ui", "ui\ui.vcxproj", "{C34030AA-AF34-89D6-23D2-BA008F58155A}"
EndProject
Project("{8BC9CEB8-8B4A-11D0-8D11-00A0C91BC942}") = "goblib", "goblib\goblib.vcxproj", "{B6E25385-5011-B648-64F1-702611199281}"
EndProject
Global
	GlobalSection(SolutionConfigurationPlatforms) = preSolution
		Debug(SH)|Win32 = Debug(SH)|Win32
		Debug|Win32 = Debug|Win32
		Final|Win32 = Final|Win32
		Release|Win32 = Release|Win32
	EndGlobalSection
	GlobalSection(ProjectConfigurationPlatforms) = postSolution
		{AF630E11-F457-EB9B-37AA-3499AA403EF8}.Debug(SH)|Win32.ActiveCfg = Debug(SH)|Win32
		{AF630E11-F457-EB9B-37AA-3499AA403EF8}.Debug|Win32.ActiveCfg = Debug|Win32
		{AF630E11-F457-EB9B-37AA-3499AA403EF8}.Final|Win32.ActiveCfg = Final|Win32
		{AF630E11-F457-EB9B-37AA-3499AA403EF8}.Release|Win32.ActiveCfg = Release|Win32
		{E77DE51A-179C-3C05-4DFD-996687FDF972}.Debug(SH)|Win32.ActiveCfg = Debug(SH)|Win32
		{E77DE51A-179C-3C05-4DFD-996687FDF972}.Debug|Win32.ActiveCfg = Debug|Win32
		{E77DE51A-179C-3C05-4DFD-996687FDF972}.Final|Win32.ActiveCfg = Final|Win32
		{E77DE51A-179C-3C05-4DFD-996687FDF972}.Release|Win32.ActiveCfg = Release|Win32
		{CB713468-D080-531E-1A46-53A7535C1720}.Debug(SH)|Win32.ActiveCfg = Debug|Win32
		{CB713468-D080-531E-1A46-53A7535C1720}.Debug|Win32.ActiveCfg = Debug|Win32
		{CB713468-D080-531E-1A46-53A7535C1720}.Final|Win32.ActiveCfg = Release|Win32
		{CB713468-D080-531E-1A46-53A7535C1720}.Release|Win32.ActiveCfg = Release|Win32
		{678A5EF1-4481-2121-99C1-7E0E15E01E87}.Debug(SH)|Win32.ActiveCfg = Debug(SH)|Win32
		{678A5EF1-4481-2121-99C1-7E0E15E01E87}.Debug|Win32.ActiveCfg = Debug|Win32
		{678A5EF1-4481-2121-99C1-7E0E15E01E87}.Final|Win32.ActiveCfg = Final|Win32
		{678A5EF1-4481-2121-99C1-7E0E15E01E87}.Release|Win32.ActiveCfg = Release|Win32
		{1D562060-F895-09A2-C836-4F79483C0CC9}.Debug(SH)|Win32.ActiveCfg = Debug(SH)|Win32
		{1D562060-F895-09A2-C836-4F79483C0CC9}.Debug|Win32.ActiveCfg = Debug|Win32
		{1D562060-F895-09A2-C836-4F79483C0CC9}.Final|Win32.ActiveCfg = Final|Win32
		{1D562060-F895-09A2-C836-4F79483C0CC9}.Release|Win32.ActiveCfg = Release|Win32
		{C34030AA-AF34-89D6-23D2-BA008F58155A}.Debug(SH)|Win32.ActiveCfg = Debug(SH)|Win32
		{C34030AA-AF34-89D6-23D2-BA008F58155A}.Debug|Win32.ActiveCfg = Debug|Win32
		{C34030AA-AF34-89D6-23D2-BA008F58155A}.Final|Win32.ActiveCfg = Final|Win32
		{C34030AA-AF34-89D6-23D2-BA008F58155A}.Release|Win32.ActiveCfg = Release|Win32
		{B6E25385-5011-B648-64F1-702611199281}.Debug(SH)|Win32.ActiveCfg = Debug|Xbox
		{B6E25385-5011-B648-64F1-702611199281}.Debug|Win32.ActiveCfg = Debug|Xbox
		{B6E25385-5011-B648-64F1-702611199281}.Final|Win32.ActiveCfg = Release|Xbox
		{B6E25385-5011-B648-64F1-702611199281}.Release|Win32.ActiveCfg = Release|Xbox
	EndGlobalSection
	GlobalSection(SolutionProperties) = preSolution
		HideSolutionNode = FALSE
	EndGlobalSection
	GlobalSection(DevPartner) = postSolution
	EndGlobalSection
EndGlobal
