Microsoft Visual Studio Solution File, Format Version 11.00
# Visual Studio 2010
Project("{8BC9CEB8-8B4A-11D0-8D11-00A0C91BC942}") = "dedicated", "dedicated.vcxproj", "{32B6BA96-B07F-610F-1A89-23B52A5D9E41}"
	ProjectSection(ProjectDependencies) = postProject
		{678A5EF1-4481-2121-99C1-7E0E15E01E87} = {678A5EF1-4481-2121-99C1-7E0E15E01E87}
	EndProjectSection
EndProject
Project("{8BC9CEB8-8B4A-11D0-8D11-00A0C91BC942}") = "botlib", "botlib\botlib.vcxproj", "{678A5EF1-4481-2121-99C1-7E0E15E01E87}"
EndProject
Project("{8BC9CEB8-8B4A-11D0-8D11-00A0C91BC942}") = "engine", "engine.vcxproj", "{940CECBC-C6E6-DBE5-B493-0A64D54AFDF6}"
	ProjectSection(ProjectDependencies) = postProject
		{678A5EF1-4481-2121-99C1-7E0E15E01E87} = {678A5EF1-4481-2121-99C1-7E0E15E01E87}
	EndProjectSection
EndProject
Project("{8BC9CEB8-8B4A-11D0-8D11-00A0C91BC942}") = "ui", "ui\ui.vcxproj", "{2DDA2041-6A68-4754-B342-14039CC91695}"
EndProject
Project("{8BC9CEB8-8B4A-11D0-8D11-00A0C91BC942}") = "cgame", "cgame\cgame.vcxproj", "{4DC69D68-9DB8-4DEB-AC63-481153B1F41D}"
EndProject
Project("{8BC9CEB8-8B4A-11D0-8D11-00A0C91BC942}") = "jampgame", "game\game.vcxproj", "{5B587283-8429-4F8B-AECA-C09BF364B617}"
EndProject
Global
	GlobalSection(SolutionConfigurationPlatforms) = preSolution
		Debug|Win32 = Debug|Win32
		Release|Win32 = Release|Win32
	EndGlobalSection
	GlobalSection(ProjectConfigurationPlatforms) = postSolution
		{32B6BA96-B07F-610F-1A89-23B52A5D9E41}.Debug|Win32.ActiveCfg = Debug|Win32
		{32B6BA96-B07F-610F-1A89-23B52A5D9E41}.Debug|Win32.Build.0 = Debug|Win32
		{32B6BA96-B07F-610F-1A89-23B52A5D9E41}.Release|Win32.ActiveCfg = Release|Win32
		{32B6BA96-B07F-610F-1A89-23B52A5D9E41}.Release|Win32.Build.0 = Release|Win32
		{678A5EF1-4481-2121-99C1-7E0E15E01E87}.Debug|Win32.ActiveCfg = Debug|Win32
		{678A5EF1-4481-2121-99C1-7E0E15E01E87}.Debug|Win32.Build.0 = Debug|Win32
		{678A5EF1-4481-2121-99C1-7E0E15E01E87}.Release|Win32.ActiveCfg = Release|Win32
		{678A5EF1-4481-2121-99C1-7E0E15E01E87}.Release|Win32.Build.0 = Release|Win32
		{940CECBC-C6E6-DBE5-B493-0A64D54AFDF6}.Debug|Win32.ActiveCfg = Debug|Win32
		{940CECBC-C6E6-DBE5-B493-0A64D54AFDF6}.Debug|Win32.Build.0 = Debug|Win32
		{940CECBC-C6E6-DBE5-B493-0A64D54AFDF6}.Release|Win32.ActiveCfg = Release|Win32
		{940CECBC-C6E6-DBE5-B493-0A64D54AFDF6}.Release|Win32.Build.0 = Release|Win32
		{2DDA2041-6A68-4754-B342-14039CC91695}.Debug|Win32.ActiveCfg = Debug|Win32
		{2DDA2041-6A68-4754-B342-14039CC91695}.Release|Win32.ActiveCfg = Release|Win32
		{2DDA2041-6A68-4754-B342-14039CC91695}.Release|Win32.Build.0 = Release|Win32
		{4DC69D68-9DB8-4DEB-AC63-481153B1F41D}.Debug|Win32.ActiveCfg = Debug|Win32
		{4DC69D68-9DB8-4DEB-AC63-481153B1F41D}.Debug|Win32.Build.0 = Debug|Win32
		{4DC69D68-9DB8-4DEB-AC63-481153B1F41D}.Release|Win32.ActiveCfg = Release|Win32
		{4DC69D68-9DB8-4DEB-AC63-481153B1F41D}.Release|Win32.Build.0 = Release|Win32
		{5B587283-8429-4F8B-AECA-C09BF364B617}.Debug|Win32.ActiveCfg = Debug|Win32
		{5B587283-8429-4F8B-AECA-C09BF364B617}.Debug|Win32.Build.0 = Debug|Win32
		{5B587283-8429-4F8B-AECA-C09BF364B617}.Release|Win32.ActiveCfg = Release|Win32
		{5B587283-8429-4F8B-AECA-C09BF364B617}.Release|Win32.Build.0 = Release|Win32
	EndGlobalSection
	GlobalSection(SolutionProperties) = preSolution
		HideSolutionNode = FALSE
	EndGlobalSection
	GlobalSection(DevPartner) = postSolution
	EndGlobalSection
EndGlobal
