// !$*UTF8*$!
{
	archiveVersion = 1;
	classes = {
	};
	objectVersion = 42;
	objects = {

/* Begin PBXBuildFile section */
		561636D41710AA6F008AA92A /* q_math.c in Sources */ = {isa = PBXBuildFile; fileRef = 561636D21710AA6F008AA92A /* q_math.c */; };
		561636D51710AA6F008AA92A /* q_shared.c in Sources */ = {isa = PBXBuildFile; fileRef = 561636D31710AA6F008AA92A /* q_shared.c */; };
		565DAD9C0C4FF701008167FA /* InfoPlist.strings in Resources */ = {isa = PBXBuildFile; fileRef = 089C167DFE841241C02AAC07 /* InfoPlist.strings */; };
		565DADAD0C4FF701008167FA /* CoreFoundation.framework in Frameworks */ = {isa = PBXBuildFile; fileRef = 0AA1909FFE8422F4C02AAC07 /* CoreFoundation.framework */; };
		56E4CE03121EFEC2004E7206 /* ui_atoms.c in Sources */ = {isa = PBXBuildFile; fileRef = 56E4CDFC121EFEC2004E7206 /* ui_atoms.c */; };
		56E4CE04121EFEC2004E7206 /* ui_force.c in Sources */ = {isa = PBXBuildFile; fileRef = 56E4CDFD121EFEC2004E7206 /* ui_force.c */; };
		56E4CE05121EFEC2004E7206 /* ui_gameinfo.c in Sources */ = {isa = PBXBuildFile; fileRef = 56E4CDFE121EFEC2004E7206 /* ui_gameinfo.c */; };
		56E4CE06121EFEC2004E7206 /* ui_main.c in Sources */ = {isa = PBXBuildFile; fileRef = 56E4CDFF121EFEC2004E7206 /* ui_main.c */; };
		56E4CE07121EFEC2004E7206 /* ui_saber.c in Sources */ = {isa = PBXBuildFile; fileRef = 56E4CE00121EFEC2004E7206 /* ui_saber.c */; };
		56E4CE08121EFEC2004E7206 /* ui_shared.c in Sources */ = {isa = PBXBuildFile; fileRef = 56E4CE01121EFEC2004E7206 /* ui_shared.c */; };
		56E4CE09121EFEC2004E7206 /* ui_syscalls.c in Sources */ = {isa = PBXBuildFile; fileRef = 56E4CE02121EFEC2004E7206 /* ui_syscalls.c */; };
		56E4CE12121EFEF8004E7206 /* bg_misc.c in Sources */ = {isa = PBXBuildFile; fileRef = 56E4CE0B121EFEF8004E7206 /* bg_misc.c */; };
		56E4CE13121EFEF8004E7206 /* bg_saga.c in Sources */ = {isa = PBXBuildFile; fileRef = 56E4CE0C121EFEF8004E7206 /* bg_saga.c */; };
		56E4CE14121EFEF8004E7206 /* bg_vehicleLoad.c in Sources */ = {isa = PBXBuildFile; fileRef = 56E4CE0D121EFEF8004E7206 /* bg_vehicleLoad.c */; };
		56E4CE15121EFEF8004E7206 /* bg_weapons.c in Sources */ = {isa = PBXBuildFile; fileRef = 56E4CE0E121EFEF8004E7206 /* bg_weapons.c */; };
/* End PBXBuildFile section */

/* Begin PBXFileReference section */
		089C167EFE841241C02AAC07 /* English */ = {isa = PBXFileReference; fileEncoding = 10; lastKnownFileType = text.plist.strings; name = English; path = English.lproj/InfoPlist.strings; sourceTree = "<group>"; };
		0AA1909FFE8422F4C02AAC07 /* CoreFoundation.framework */ = {isa = PBXFileReference; lastKnownFileType = wrapper.framework; name = CoreFoundation.framework; path = /System/Library/Frameworks/CoreFoundation.framework; sourceTree = "<absolute>"; };
		561636D21710AA6F008AA92A /* q_math.c */ = {isa = PBXFileReference; fileEncoding = 4; lastKnownFileType = sourcecode.c.c; name = q_math.c; path = ../qcommon/q_math.c; sourceTree = "<group>"; };
		561636D31710AA6F008AA92A /* q_shared.c */ = {isa = PBXFileReference; fileEncoding = 4; lastKnownFileType = sourcecode.c.c; name = q_shared.c; path = ../qcommon/q_shared.c; sourceTree = "<group>"; };
		565DADB30C4FF701008167FA /* Info-ui.plist */ = {isa = PBXFileReference; lastKnownFileType = text.plist.xml; path = "Info-ui.plist"; sourceTree = "<group>"; };
		565DADB40C4FF702008167FA /* ui.bundle */ = {isa = PBXFileReference; explicitFileType = wrapper.cfbundle; includeInIndex = 0; path = ui.bundle; sourceTree = BUILT_PRODUCTS_DIR; };
		56E4CDFC121EFEC2004E7206 /* ui_atoms.c */ = {isa = PBXFileReference; fileEncoding = 4; lastKnownFileType = sourcecode.c.c; name = ui_atoms.c; path = ../ui/ui_atoms.c; sourceTree = SOURCE_ROOT; };
		56E4CDFD121EFEC2004E7206 /* ui_force.c */ = {isa = PBXFileReference; fileEncoding = 4; lastKnownFileType = sourcecode.c.c; name = ui_force.c; path = ../ui/ui_force.c; sourceTree = SOURCE_ROOT; };
		56E4CDFE121EFEC2004E7206 /* ui_gameinfo.c */ = {isa = PBXFileReference; fileEncoding = 4; lastKnownFileType = sourcecode.c.c; name = ui_gameinfo.c; path = ../ui/ui_gameinfo.c; sourceTree = SOURCE_ROOT; };
		56E4CDFF121EFEC2004E7206 /* ui_main.c */ = {isa = PBXFileReference; fileEncoding = 4; lastKnownFileType = sourcecode.c.c; name = ui_main.c; path = ../ui/ui_main.c; sourceTree = SOURCE_ROOT; };
		56E4CE00121EFEC2004E7206 /* ui_saber.c */ = {isa = PBXFileReference; fileEncoding = 4; lastKnownFileType = sourcecode.c.c; name = ui_saber.c; path = ../ui/ui_saber.c; sourceTree = SOURCE_ROOT; };
		56E4CE01121EFEC2004E7206 /* ui_shared.c */ = {isa = PBXFileReference; fileEncoding = 4; lastKnownFileType = sourcecode.c.c; name = ui_shared.c; path = ../ui/ui_shared.c; sourceTree = SOURCE_ROOT; };
		56E4CE02121EFEC2004E7206 /* ui_syscalls.c */ = {isa = PBXFileReference; fileEncoding = 4; lastKnownFileType = sourcecode.c.c; name = ui_syscalls.c; path = ../ui/ui_syscalls.c; sourceTree = SOURCE_ROOT; };
		56E4CE0B121EFEF8004E7206 /* bg_misc.c */ = {isa = PBXFileReference; fileEncoding = 4; lastKnownFileType = sourcecode.c.c; name = bg_misc.c; path = ../game/bg_misc.c; sourceTree = SOURCE_ROOT; };
		56E4CE0C121EFEF8004E7206 /* bg_saga.c */ = {isa = PBXFileReference; fileEncoding = 4; lastKnownFileType = sourcecode.c.c; name = bg_saga.c; path = ../game/bg_saga.c; sourceTree = SOURCE_ROOT; };
		56E4CE0D121EFEF8004E7206 /* bg_vehicleLoad.c */ = {isa = PBXFileReference; fileEncoding = 4; lastKnownFileType = sourcecode.c.c; name = bg_vehicleLoad.c; path = ../game/bg_vehicleLoad.c; sourceTree = SOURCE_ROOT; };
		56E4CE0E121EFEF8004E7206 /* bg_weapons.c */ = {isa = PBXFileReference; fileEncoding = 4; lastKnownFileType = sourcecode.c.c; name = bg_weapons.c; path = ../game/bg_weapons.c; sourceTree = SOURCE_ROOT; };
/* End PBXFileReference section */

/* Begin PBXFrameworksBuildPhase section */
		565DADAC0C4FF701008167FA /* Frameworks */ = {
			isa = PBXFrameworksBuildPhase;
			buildActionMask = 2147483647;
			files = (
				565DADAD0C4FF701008167FA /* CoreFoundation.framework in Frameworks */,
			);
			runOnlyForDeploymentPostprocessing = 0;
		};
/* End PBXFrameworksBuildPhase section */

/* Begin PBXGroup section */
		089C166AFE841209C02AAC07 /* cgame */ = {
			isa = PBXGroup;
			children = (
				F5C12684034158F301A80169 /* game */,
				F5FC338B03536E6D01A80169 /* ui */,
				089C167CFE841241C02AAC07 /* Resources */,
				089C1671FE841209C02AAC07 /* External Frameworks and Libraries */,
				19C28FB6FE9D52B211CA2CBB /* Products */,
				565DADB30C4FF701008167FA /* Info-ui.plist */,
			);
			name = cgame;
			sourceTree = "<group>";
		};
		089C1671FE841209C02AAC07 /* External Frameworks and Libraries */ = {
			isa = PBXGroup;
			children = (
				0AA1909FFE8422F4C02AAC07 /* CoreFoundation.framework */,
			);
			name = "External Frameworks and Libraries";
			sourceTree = "<group>";
		};
		089C167CFE841241C02AAC07 /* Resources */ = {
			isa = PBXGroup;
			children = (
				089C167DFE841241C02AAC07 /* InfoPlist.strings */,
			);
			name = Resources;
			sourceTree = "<group>";
		};
		19C28FB6FE9D52B211CA2CBB /* Products */ = {
			isa = PBXGroup;
			children = (
				565DADB40C4FF702008167FA /* ui.bundle */,
			);
			name = Products;
			sourceTree = "<group>";
		};
		F5C12684034158F301A80169 /* game */ = {
			isa = PBXGroup;
			children = (
				56E4CE0B121EFEF8004E7206 /* bg_misc.c */,
				56E4CE0C121EFEF8004E7206 /* bg_saga.c */,
				56E4CE0D121EFEF8004E7206 /* bg_vehicleLoad.c */,
				56E4CE0E121EFEF8004E7206 /* bg_weapons.c */,
				561636D21710AA6F008AA92A /* q_math.c */,
				561636D31710AA6F008AA92A /* q_shared.c */,
			);
			name = game;
			sourceTree = "<group>";
		};
		F5FC338B03536E6D01A80169 /* ui */ = {
			isa = PBXGroup;
			children = (
				56E4CDFC121EFEC2004E7206 /* ui_atoms.c */,
				56E4CDFD121EFEC2004E7206 /* ui_force.c */,
				56E4CDFE121EFEC2004E7206 /* ui_gameinfo.c */,
				56E4CDFF121EFEC2004E7206 /* ui_main.c */,
				56E4CE00121EFEC2004E7206 /* ui_saber.c */,
				56E4CE01121EFEC2004E7206 /* ui_shared.c */,
				56E4CE02121EFEC2004E7206 /* ui_syscalls.c */,
			);
			name = ui;
			sourceTree = "<group>";
		};
/* End PBXGroup section */

/* Begin PBXHeadersBuildPhase section */
		565DAD9A0C4FF701008167FA /* Headers */ = {
			isa = PBXHeadersBuildPhase;
			buildActionMask = 2147483647;
			files = (
			);
			runOnlyForDeploymentPostprocessing = 0;
		};
/* End PBXHeadersBuildPhase section */

/* Begin PBXNativeTarget section */
		565DAD990C4FF701008167FA /* ui */ = {
			isa = PBXNativeTarget;
			buildConfigurationList = 565DADAF0C4FF701008167FA /* Build configuration list for PBXNativeTarget "ui" */;
			buildPhases = (
				565DAD9A0C4FF701008167FA /* Headers */,
				565DAD9B0C4FF701008167FA /* Resources */,
				565DAD9D0C4FF701008167FA /* Sources */,
				565DADAC0C4FF701008167FA /* Frameworks */,
				565DADAE0C4FF701008167FA /* Rez */,
			);
			buildRules = (
			);
			dependencies = (
			);
			name = ui;
			productName = cgame;
			productReference = 565DADB40C4FF702008167FA /* ui.bundle */;
			productType = "com.apple.product-type.bundle";
		};
/* End PBXNativeTarget section */

/* Begin PBXProject section */
		089C1669FE841209C02AAC07 /* Project object */ = {
			isa = PBXProject;
			buildConfigurationList = 565DADB50C4FF702008167FA /* Build configuration list for PBXProject "ui" */;
			compatibilityVersion = "Xcode 2.4";
			developmentRegion = English;
			hasScannedForEncodings = 1;
			knownRegions = (
				en,
			);
			mainGroup = 089C166AFE841209C02AAC07 /* cgame */;
			projectDirPath = "";
			projectRoot = "";
			targets = (
				565DAD990C4FF701008167FA /* ui */,
			);
		};
/* End PBXProject section */

/* Begin PBXResourcesBuildPhase section */
		565DAD9B0C4FF701008167FA /* Resources */ = {
			isa = PBXResourcesBuildPhase;
			buildActionMask = 2147483647;
			files = (
				565DAD9C0C4FF701008167FA /* InfoPlist.strings in Resources */,
			);
			runOnlyForDeploymentPostprocessing = 0;
		};
/* End PBXResourcesBuildPhase section */

/* Begin PBXRezBuildPhase section */
		565DADAE0C4FF701008167FA /* Rez */ = {
			isa = PBXRezBuildPhase;
			buildActionMask = 2147483647;
			files = (
			);
			runOnlyForDeploymentPostprocessing = 0;
		};
/* End PBXRezBuildPhase section */

/* Begin PBXSourcesBuildPhase section */
		565DAD9D0C4FF701008167FA /* Sources */ = {
			isa = PBXSourcesBuildPhase;
			buildActionMask = 2147483647;
			files = (
				56E4CE03121EFEC2004E7206 /* ui_atoms.c in Sources */,
				56E4CE04121EFEC2004E7206 /* ui_force.c in Sources */,
				56E4CE05121EFEC2004E7206 /* ui_gameinfo.c in Sources */,
				56E4CE06121EFEC2004E7206 /* ui_main.c in Sources */,
				56E4CE07121EFEC2004E7206 /* ui_saber.c in Sources */,
				56E4CE08121EFEC2004E7206 /* ui_shared.c in Sources */,
				56E4CE09121EFEC2004E7206 /* ui_syscalls.c in Sources */,
				56E4CE12121EFEF8004E7206 /* bg_misc.c in Sources */,
				56E4CE13121EFEF8004E7206 /* bg_saga.c in Sources */,
				56E4CE14121EFEF8004E7206 /* bg_vehicleLoad.c in Sources */,
				56E4CE15121EFEF8004E7206 /* bg_weapons.c in Sources */,
				561636D41710AA6F008AA92A /* q_math.c in Sources */,
				561636D51710AA6F008AA92A /* q_shared.c in Sources */,
			);
			runOnlyForDeploymentPostprocessing = 0;
		};
/* End PBXSourcesBuildPhase section */

/* Begin PBXVariantGroup section */
		089C167DFE841241C02AAC07 /* InfoPlist.strings */ = {
			isa = PBXVariantGroup;
			children = (
				089C167EFE841241C02AAC07 /* English */,
			);
			name = InfoPlist.strings;
			sourceTree = "<group>";
		};
/* End PBXVariantGroup section */

/* Begin XCBuildConfiguration section */
		565DADB00C4FF701008167FA /* Development */ = {
			isa = XCBuildConfiguration;
			buildSettings = {
				COPY_PHASE_STRIP = NO;
				FRAMEWORK_SEARCH_PATHS = "";
				GCC_DYNAMIC_NO_PIC = NO;
				GCC_ENABLE_FIX_AND_CONTINUE = YES;
				GCC_GENERATE_DEBUGGING_SYMBOLS = YES;
				GCC_OPTIMIZATION_LEVEL = 0;
				GCC_PREFIX_HEADER = MacPrefix_UI.h;
				GCC_SYMBOLS_PRIVATE_EXTERN = NO;
				HEADER_SEARCH_PATHS = "";
				INFOPLIST_FILE = "Info-ui.plist";
				LIBRARY_SEARCH_PATHS = "";
				OTHER_LDFLAGS = "";
				OTHER_REZFLAGS = "";
				PRODUCT_NAME = ui;
				SECTORDER_FLAGS = "";
				WARNING_CFLAGS = (
					"-Wmost",
					"-Wno-four-char-constants",
					"-Wno-unknown-pragmas",
				);
				WRAPPER_EXTENSION = bundle;
				ZERO_LINK = YES;
			};
			name = Development;
		};
		565DADB10C4FF701008167FA /* Deployment - Native */ = {
			isa = XCBuildConfiguration;
			buildSettings = {
				COPY_PHASE_STRIP = YES;
				FRAMEWORK_SEARCH_PATHS = "";
				GCC_ENABLE_FIX_AND_CONTINUE = NO;
				GCC_PREFIX_HEADER = MacPrefix_UI.h;
				GCC_SYMBOLS_PRIVATE_EXTERN = NO;
				HEADER_SEARCH_PATHS = "";
				INFOPLIST_FILE = "Info-ui.plist";
				LIBRARY_SEARCH_PATHS = "";
				OTHER_LDFLAGS = "";
				OTHER_REZFLAGS = "";
				PRODUCT_NAME = ui;
				SECTORDER_FLAGS = "";
				WARNING_CFLAGS = (
					"-Wmost",
					"-Wno-four-char-constants",
					"-Wno-unknown-pragmas",
				);
				WRAPPER_EXTENSION = bundle;
				ZERO_LINK = NO;
			};
			name = "Deployment - Native";
		};
		565DADB60C4FF702008167FA /* Development */ = {
			isa = XCBuildConfiguration;
			buildSettings = {
				COPY_PHASE_STRIP = NO;
				GCC_VERSION = "";
				MACOSX_DEPLOYMENT_TARGET = "";
				SDKROOT = "";
				STRIP_INSTALLED_PRODUCT = NO;
				USER_HEADER_SEARCH_PATHS = "..//**";
				VALID_ARCHS = "i386 ppc";
			};
			name = Development;
		};
		565DADB70C4FF702008167FA /* Deployment - Native */ = {
			isa = XCBuildConfiguration;
			buildSettings = {
				GCC_GENERATE_DEBUGGING_SYMBOLS = NO;
				GCC_PREPROCESSOR_DEFINITIONS = "FINAL_BUILD=1";
				GCC_VERSION = "";
				MACOSX_DEPLOYMENT_TARGET = "";
				SDKROOT = "";
				USER_HEADER_SEARCH_PATHS = "..//**";
				VALID_ARCHS = "i386 ppc";
			};
			name = "Deployment - Native";
		};
		565DADC70C4FF781008167FA /* Deployment - Universal */ = {
			isa = XCBuildConfiguration;
			buildSettings = {
				COPY_PHASE_STRIP = YES;
				FRAMEWORK_SEARCH_PATHS = "";
				GCC_ENABLE_FIX_AND_CONTINUE = NO;
				GCC_PREFIX_HEADER = MacPrefix_UI.h;
				GCC_SYMBOLS_PRIVATE_EXTERN = NO;
				HEADER_SEARCH_PATHS = "";
				INFOPLIST_FILE = "Info-ui.plist";
				LIBRARY_SEARCH_PATHS = "";
				OTHER_LDFLAGS = "";
				OTHER_REZFLAGS = "";
				PRODUCT_NAME = ui;
				SECTORDER_FLAGS = "";
				WARNING_CFLAGS = (
					"-Wmost",
					"-Wno-four-char-constants",
					"-Wno-unknown-pragmas",
				);
				WRAPPER_EXTENSION = bundle;
				ZERO_LINK = NO;
			};
			name = "Deployment - Universal";
		};
		565DADC90C4FF781008167FA /* Deployment - Universal */ = {
			isa = XCBuildConfiguration;
			buildSettings = {
				ARCHS = (
					ppc,
					i386,
				);
				GCC_GENERATE_DEBUGGING_SYMBOLS = NO;
				GCC_PREPROCESSOR_DEFINITIONS = "FINAL_BUILD=1";
				GCC_VERSION = 4.0;
				SDKROOT = /Developer/SDKs/MacOSX10.4u.sdk;
				USER_HEADER_SEARCH_PATHS = "..//**";
				VALID_ARCHS = "i386 ppc";
			};
			name = "Deployment - Universal";
		};
/* End XCBuildConfiguration section */

/* Begin XCConfigurationList section */
		565DADAF0C4FF701008167FA /* Build configuration list for PBXNativeTarget "ui" */ = {
			isa = XCConfigurationList;
			buildConfigurations = (
				565DADB00C4FF701008167FA /* Development */,
				565DADB10C4FF701008167FA /* Deployment - Native */,
				565DADC70C4FF781008167FA /* Deployment - Universal */,
			);
			defaultConfigurationIsVisible = 0;
			defaultConfigurationName = Development;
		};
		565DADB50C4FF702008167FA /* Build configuration list for PBXProject "ui" */ = {
			isa = XCConfigurationList;
			buildConfigurations = (
				565DADB60C4FF702008167FA /* Development */,
				565DADB70C4FF702008167FA /* Deployment - Native */,
				565DADC90C4FF781008167FA /* Deployment - Universal */,
			);
			defaultConfigurationIsVisible = 0;
			defaultConfigurationName = Development;
		};
/* End XCConfigurationList section */
	};
	rootObject = 089C1669FE841209C02AAC07 /* Project object */;
}
