Microsoft Visual Studio Solution File, Format Version 11.00
# Visual Studio 2010
Project("{8BC9CEB8-8B4A-11D0-8D11-00A0C91BC942}") = "gameJKA", "game\game.vcxproj", "{52D48192-6C71-4D4A-BE26-D05C0E02939C}"
EndProject
Project("{8BC9CEB8-8B4A-11D0-8D11-00A0C91BC942}") = "exe", "starwars.vcxproj", "{1BE1D500-A2DB-4585-B3D8-50B8D60C5685}"
EndProject
Project("{8BC9CEB8-8B4A-11D0-8D11-00A0C91BC942}") = "gameJK2", "..\codeJK2\game\gameJK2.vcxproj", "{E8D119C5-C6C4-4E78-83F0-5918678700A5}"
EndProject
Project("{8BC9CEB8-8B4A-11D0-8D11-00A0C91BC942}") = "rd-vanilla", "rd-vanilla\rd-vanilla.vcxproj", "{FB952C0E-5D80-4504-BF99-BFDB6F631CC9}"
EndProject
Global
	GlobalSection(SolutionConfigurationPlatforms) = preSolution
		Debug|Win32 = Debug|Win32
		FinalBuild|Win32 = FinalBuild|Win32
		Release|Win32 = Release|Win32
		SHDebug|Win32 = SHDebug|Win32
	EndGlobalSection
	GlobalSection(ProjectConfigurationPlatforms) = postSolution
		{52D48192-6C71-4D4A-BE26-D05C0E02939C}.Debug|Win32.ActiveCfg = Debug|Win32
		{52D48192-6C71-4D4A-BE26-D05C0E02939C}.Debug|Win32.Build.0 = Debug|Win32
		{52D48192-6C71-4D4A-BE26-D05C0E02939C}.FinalBuild|Win32.ActiveCfg = FinalBuild|Win32
		{52D48192-6C71-4D4A-BE26-D05C0E02939C}.FinalBuild|Win32.Build.0 = FinalBuild|Win32
		{52D48192-6C71-4D4A-BE26-D05C0E02939C}.Release|Win32.ActiveCfg = Release|Win32
		{52D48192-6C71-4D4A-BE26-D05C0E02939C}.Release|Win32.Build.0 = Release|Win32
		{52D48192-6C71-4D4A-BE26-D05C0E02939C}.SHDebug|Win32.ActiveCfg = SHDebug|Win32
		{1BE1D500-A2DB-4585-B3D8-50B8D60C5685}.Debug|Win32.ActiveCfg = Debug|Win32
		{1BE1D500-A2DB-4585-B3D8-50B8D60C5685}.Debug|Win32.Build.0 = Debug|Win32
		{1BE1D500-A2DB-4585-B3D8-50B8D60C5685}.FinalBuild|Win32.ActiveCfg = FinalBuild|Win32
		{1BE1D500-A2DB-4585-B3D8-50B8D60C5685}.FinalBuild|Win32.Build.0 = FinalBuild|Win32
		{1BE1D500-A2DB-4585-B3D8-50B8D60C5685}.Release|Win32.ActiveCfg = Release|Win32
		{1BE1D500-A2DB-4585-B3D8-50B8D60C5685}.Release|Win32.Build.0 = Release|Win32
		{1BE1D500-A2DB-4585-B3D8-50B8D60C5685}.SHDebug|Win32.ActiveCfg = SHDebug|Win32
		{E8D119C5-C6C4-4E78-83F0-5918678700A5}.Debug|Win32.ActiveCfg = Debug|Win32
		{E8D119C5-C6C4-4E78-83F0-5918678700A5}.Debug|Win32.Build.0 = Debug|Win32
		{E8D119C5-C6C4-4E78-83F0-5918678700A5}.FinalBuild|Win32.ActiveCfg = FinalBuild|Win32
		{E8D119C5-C6C4-4E78-83F0-5918678700A5}.FinalBuild|Win32.Build.0 = FinalBuild|Win32
		{E8D119C5-C6C4-4E78-83F0-5918678700A5}.Release|Win32.ActiveCfg = Release|Win32
		{E8D119C5-C6C4-4E78-83F0-5918678700A5}.Release|Win32.Build.0 = Release|Win32
		{E8D119C5-C6C4-4E78-83F0-5918678700A5}.SHDebug|Win32.ActiveCfg = SHDebug|Win32
		{E8D119C5-C6C4-4E78-83F0-5918678700A5}.SHDebug|Win32.Build.0 = SHDebug|Win32
		{FB952C0E-5D80-4504-BF99-BFDB6F631CC9}.Debug|Win32.ActiveCfg = Debug|Win32
		{FB952C0E-5D80-4504-BF99-BFDB6F631CC9}.Debug|Win32.Build.0 = Debug|Win32
		{FB952C0E-5D80-4504-BF99-BFDB6F631CC9}.FinalBuild|Win32.ActiveCfg = FinalBuild|Win32
		{FB952C0E-5D80-4504-BF99-BFDB6F631CC9}.FinalBuild|Win32.Build.0 = FinalBuild|Win32
		{FB952C0E-5D80-4504-BF99-BFDB6F631CC9}.Release|Win32.ActiveCfg = Release|Win32
		{FB952C0E-5D80-4504-BF99-BFDB6F631CC9}.Release|Win32.Build.0 = Release|Win32
		{FB952C0E-5D80-4504-BF99-BFDB6F631CC9}.SHDebug|Win32.ActiveCfg = Debug|Win32
		{FB952C0E-5D80-4504-BF99-BFDB6F631CC9}.SHDebug|Win32.Build.0 = Debug|Win32
	EndGlobalSection
	GlobalSection(SolutionProperties) = preSolution
		HideSolutionNode = FALSE
	EndGlobalSection
	GlobalSection(DevPartner) = postSolution
	EndGlobalSection
	GlobalSection(DevPartner) = postSolution
	EndGlobalSection
EndGlobal
