<?xml version="1.0" encoding="utf-8"?>
<Project ToolsVersion="4.0" xmlns="http://schemas.microsoft.com/developer/msbuild/2003">
  <ItemGroup>
    <Filter Include="Source Files">
      <UniqueIdentifier>{e145e4cb-71ea-4cba-bab7-b7ef702ac5a8}</UniqueIdentifier>
      <Extensions>cpp;c;cxx;def;odl;idl;hpj;bat;asm</Extensions>
    </Filter>
    <Filter Include="Header Files">
      <UniqueIdentifier>{8799bad9-09bc-4ea0-b662-01b9a8668f13}</UniqueIdentifier>
      <Extensions>h;hpp;hxx;hm;inl;inc</Extensions>
    </Filter>
    <Filter Include="Resource Files">
      <UniqueIdentifier>{b5e84ea5-65f3-49eb-85a7-129a3a783c46}</UniqueIdentifier>
      <Extensions>rc;ico;cur;bmp;dlg;rc2;rct;bin;rgs;gif;jpg;jpeg;jpe</Extensions>
    </Filter>
  </ItemGroup>
  <ItemGroup>
    <ClCompile Include="TgaWiz.cpp">
      <Filter>Source Files</Filter>
    </ClCompile>
    <ClCompile Include="deflate.cpp">
      <Filter>Source Files</Filter>
    </ClCompile>
    <ClCompile Include="inflate.cpp">
      <Filter>Source Files</Filter>
    </ClCompile>
    <ClCompile Include="png.cpp">
      <Filter>Source Files</Filter>
    </ClCompile>
    <ClCompile Include="tga.cpp">
      <Filter>Source Files</Filter>
    </ClCompile>
    <ClCompile Include="zipcommon.cpp">
      <Filter>Source Files</Filter>
    </ClCompile>
  </ItemGroup>
  <ItemGroup>
    <ClInclude Include="deflate.h">
      <Filter>Source Files</Filter>
    </ClInclude>
    <ClInclude Include="inflate.h">
      <Filter>Source Files</Filter>
    </ClInclude>
    <ClInclude Include="png.h">
      <Filter>Source Files</Filter>
    </ClInclude>
    <ClInclude Include="zip.h">
      <Filter>Source Files</Filter>
    </ClInclude>
  </ItemGroup>
  <ItemGroup>
    <Text Include="ReadMe.txt" />
  </ItemGroup>
</Project>