Microsoft Visual Studio Solution File, Format Version 7.00
Project("{8BC9CEB8-8B4A-11D0-8D11-00A0C91BC942}") = "create_soundbank", "create_soundbank.vcproj", "{8DB8FCA9-8B91-4AE7-BE32-24435E6CFCE4}"
EndProject
Global
	GlobalSection(SolutionConfiguration) = preSolution
		ConfigName.0 = Debug
		ConfigName.1 = Release
	EndGlobalSection
	GlobalSection(ProjectDependencies) = postSolution
	EndGlobalSection
	GlobalSection(ProjectConfiguration) = postSolution
		{8DB8FCA9-8B91-4AE7-BE32-24435E6CFCE4}.Debug.ActiveCfg = Debug|Win32
		{8DB8FCA9-8B91-4AE7-BE32-24435E6CFCE4}.Debug.Build.0 = Debug|Win32
		{8DB8FCA9-8B91-4AE7-BE32-24435E6CFCE4}.Release.ActiveCfg = Release|Win32
		{8DB8FCA9-8B91-4AE7-BE32-24435E6CFCE4}.Release.Build.0 = Release|Win32
	EndGlobalSection
	GlobalSection(ExtensibilityGlobals) = postSolution
	EndGlobalSection
	GlobalSection(ExtensibilityAddIns) = postSolution
	EndGlobalSection
EndGlobal
