<?xml version="1.0" encoding="utf-8"?>
<Project ToolsVersion="4.0" xmlns="http://schemas.microsoft.com/developer/msbuild/2003">
  <ItemGroup>
    <ClCompile Include="..\qcommon\GenericParser2.cpp" />
    <ClCompile Include="..\qcommon\matcomp.cpp" />
    <ClCompile Include="..\qcommon\q_math.cpp" />
    <ClCompile Include="..\qcommon\q_shared.cpp" />
    <ClCompile Include="..\win32\win_gamma.cpp" />
    <ClCompile Include="..\win32\win_glimp.cpp" />
    <ClCompile Include="..\win32\win_qgl.cpp" />
    <ClCompile Include="..\zlib\trees.c" />
    <ClCompile Include="..\zlib\uncompr.c" />
    <ClCompile Include="..\zlib\zutil.c" />
    <ClCompile Include="tr_animation.cpp" />
    <ClCompile Include="tr_arioche.cpp" />
    <ClCompile Include="tr_backend.cpp" />
    <ClCompile Include="tr_bsp.cpp" />
    <ClCompile Include="tr_cmds.cpp" />
    <ClCompile Include="tr_curve.cpp" />
    <ClCompile Include="tr_font.cpp" />
    <ClCompile Include="tr_ghoul2.cpp" />
    <ClCompile Include="tr_image.cpp" />
    <ClCompile Include="tr_init.cpp" />
    <ClCompile Include="tr_light.cpp" />
    <ClCompile Include="tr_main.cpp" />
    <ClCompile Include="tr_marks.cpp" />
    <ClCompile Include="tr_mesh.cpp" />
    <ClCompile Include="tr_model.cpp" />
    <ClCompile Include="tr_noise.cpp" />
    <ClCompile Include="tr_quicksprite.cpp" />
    <ClCompile Include="tr_scene.cpp" />
    <ClCompile Include="tr_shade.cpp" />
    <ClCompile Include="tr_shade_calc.cpp" />
    <ClCompile Include="tr_shader.cpp" />
    <ClCompile Include="tr_shadows.cpp" />
    <ClCompile Include="tr_sky.cpp" />
    <ClCompile Include="tr_subs.cpp" />
    <ClCompile Include="tr_surface.cpp" />
    <ClCompile Include="tr_surfacesprites.cpp" />
    <ClCompile Include="tr_terrain.cpp" />
    <ClCompile Include="tr_world.cpp" />
    <ClCompile Include="tr_WorldEffects.cpp" />
    <ClCompile Include="..\zlib\adler32.c">
      <Filter>zlib32</Filter>
    </ClCompile>
    <ClCompile Include="..\zlib\compress.c">
      <Filter>zlib32</Filter>
    </ClCompile>
    <ClCompile Include="..\zlib\crc32.c">
      <Filter>zlib32</Filter>
    </ClCompile>
    <ClCompile Include="..\zlib\deflate.c">
      <Filter>zlib32</Filter>
    </ClCompile>
    <ClCompile Include="G2_API.cpp">
      <Filter>GHOUL 2</Filter>
    </ClCompile>
    <ClCompile Include="G2_surfaces.cpp">
      <Filter>GHOUL 2</Filter>
    </ClCompile>
    <ClCompile Include="G2_bolts.cpp">
      <Filter>GHOUL 2</Filter>
    </ClCompile>
    <ClCompile Include="G2_bones.cpp">
      <Filter>GHOUL 2</Filter>
    </ClCompile>
    <ClCompile Include="G2_misc.cpp">
      <Filter>GHOUL 2</Filter>
    </ClCompile>
    <ClCompile Include="..\zlib\gzclose.c">
      <Filter>zlib32</Filter>
    </ClCompile>
    <ClCompile Include="..\zlib\gzlib.c">
      <Filter>zlib32</Filter>
    </ClCompile>
    <ClCompile Include="..\zlib\gzread.c">
      <Filter>zlib32</Filter>
    </ClCompile>
    <ClCompile Include="..\zlib\gzwrite.c">
      <Filter>zlib32</Filter>
    </ClCompile>
    <ClCompile Include="..\zlib\infback.c">
      <Filter>zlib32</Filter>
    </ClCompile>
    <ClCompile Include="..\zlib\inffast.c">
      <Filter>zlib32</Filter>
    </ClCompile>
    <ClCompile Include="..\zlib\inflate.c">
      <Filter>zlib32</Filter>
    </ClCompile>
    <ClCompile Include="..\zlib\inftrees.c">
      <Filter>zlib32</Filter>
    </ClCompile>
    <ClCompile Include="..\zlib\ioapi.c">
      <Filter>zlib32</Filter>
    </ClCompile>
    <ClCompile Include="..\jpeg-8c\jaricom.c">
      <Filter>jpeg</Filter>
    </ClCompile>
    <ClCompile Include="..\jpeg-8c\jcapimin.c">
      <Filter>jpeg</Filter>
    </ClCompile>
    <ClCompile Include="..\jpeg-8c\jcapistd.c">
      <Filter>jpeg</Filter>
    </ClCompile>
    <ClCompile Include="..\jpeg-8c\jcarith.c">
      <Filter>jpeg</Filter>
    </ClCompile>
    <ClCompile Include="..\jpeg-8c\jccoefct.c">
      <Filter>jpeg</Filter>
    </ClCompile>
    <ClCompile Include="..\jpeg-8c\jccolor.c">
      <Filter>jpeg</Filter>
    </ClCompile>
    <ClCompile Include="..\jpeg-8c\jcdctmgr.c">
      <Filter>jpeg</Filter>
    </ClCompile>
    <ClCompile Include="..\jpeg-8c\jchuff.c">
      <Filter>jpeg</Filter>
    </ClCompile>
    <ClCompile Include="..\jpeg-8c\jcinit.c">
      <Filter>jpeg</Filter>
    </ClCompile>
    <ClCompile Include="..\jpeg-8c\jcmainct.c">
      <Filter>jpeg</Filter>
    </ClCompile>
    <ClCompile Include="..\jpeg-8c\jcmarker.c">
      <Filter>jpeg</Filter>
    </ClCompile>
    <ClCompile Include="..\jpeg-8c\jcmaster.c">
      <Filter>jpeg</Filter>
    </ClCompile>
    <ClCompile Include="..\jpeg-8c\jcomapi.c">
      <Filter>jpeg</Filter>
    </ClCompile>
    <ClCompile Include="..\jpeg-8c\jcparam.c">
      <Filter>jpeg</Filter>
    </ClCompile>
    <ClCompile Include="..\jpeg-8c\jcprepct.c">
      <Filter>jpeg</Filter>
    </ClCompile>
    <ClCompile Include="..\jpeg-8c\jcsample.c">
      <Filter>jpeg</Filter>
    </ClCompile>
    <ClCompile Include="..\jpeg-8c\jctrans.c">
      <Filter>jpeg</Filter>
    </ClCompile>
    <ClCompile Include="..\jpeg-8c\jdapimin.c">
      <Filter>jpeg</Filter>
    </ClCompile>
    <ClCompile Include="..\jpeg-8c\jdapistd.c">
      <Filter>jpeg</Filter>
    </ClCompile>
    <ClCompile Include="..\jpeg-8c\jdarith.c">
      <Filter>jpeg</Filter>
    </ClCompile>
    <ClCompile Include="..\jpeg-8c\jdatadst.c">
      <Filter>jpeg</Filter>
    </ClCompile>
    <ClCompile Include="..\jpeg-8c\jdatasrc.c">
      <Filter>jpeg</Filter>
    </ClCompile>
    <ClCompile Include="..\jpeg-8c\jdcoefct.c">
      <Filter>jpeg</Filter>
    </ClCompile>
    <ClCompile Include="..\jpeg-8c\jdcolor.c">
      <Filter>jpeg</Filter>
    </ClCompile>
    <ClCompile Include="..\jpeg-8c\jddctmgr.c">
      <Filter>jpeg</Filter>
    </ClCompile>
    <ClCompile Include="..\jpeg-8c\jdhuff.c">
      <Filter>jpeg</Filter>
    </ClCompile>
    <ClCompile Include="..\jpeg-8c\jdinput.c">
      <Filter>jpeg</Filter>
    </ClCompile>
    <ClCompile Include="..\jpeg-8c\jdmainct.c">
      <Filter>jpeg</Filter>
    </ClCompile>
    <ClCompile Include="..\jpeg-8c\jdmarker.c">
      <Filter>jpeg</Filter>
    </ClCompile>
    <ClCompile Include="..\jpeg-8c\jdmaster.c">
      <Filter>jpeg</Filter>
    </ClCompile>
    <ClCompile Include="..\jpeg-8c\jdmerge.c">
      <Filter>jpeg</Filter>
    </ClCompile>
    <ClCompile Include="..\jpeg-8c\jdpostct.c">
      <Filter>jpeg</Filter>
    </ClCompile>
    <ClCompile Include="..\jpeg-8c\jdsample.c">
      <Filter>jpeg</Filter>
    </ClCompile>
    <ClCompile Include="..\jpeg-8c\jdtrans.c">
      <Filter>jpeg</Filter>
    </ClCompile>
    <ClCompile Include="..\jpeg-8c\jerror.c">
      <Filter>jpeg</Filter>
    </ClCompile>
    <ClCompile Include="..\jpeg-8c\jfdctflt.c">
      <Filter>jpeg</Filter>
    </ClCompile>
    <ClCompile Include="..\jpeg-8c\jfdctfst.c">
      <Filter>jpeg</Filter>
    </ClCompile>
    <ClCompile Include="..\jpeg-8c\jfdctint.c">
      <Filter>jpeg</Filter>
    </ClCompile>
    <ClCompile Include="..\jpeg-8c\jidctflt.c">
      <Filter>jpeg</Filter>
    </ClCompile>
    <ClCompile Include="..\jpeg-8c\jidctfst.c">
      <Filter>jpeg</Filter>
    </ClCompile>
    <ClCompile Include="..\jpeg-8c\jidctint.c">
      <Filter>jpeg</Filter>
    </ClCompile>
    <ClCompile Include="..\jpeg-8c\jmemmgr.c">
      <Filter>jpeg</Filter>
    </ClCompile>
    <ClCompile Include="..\jpeg-8c\jmemnobs.c">
      <Filter>jpeg</Filter>
    </ClCompile>
    <ClCompile Include="..\jpeg-8c\jquant1.c">
      <Filter>jpeg</Filter>
    </ClCompile>
    <ClCompile Include="..\jpeg-8c\jquant2.c">
      <Filter>jpeg</Filter>
    </ClCompile>
    <ClCompile Include="..\jpeg-8c\jutils.c">
      <Filter>jpeg</Filter>
    </ClCompile>
    <ClCompile Include="..\png\rpng.cpp" />
    <ClCompile Include="..\libpng\png.c">
      <Filter>png</Filter>
    </ClCompile>
    <ClCompile Include="..\libpng\pngwutil.c">
      <Filter>png</Filter>
    </ClCompile>
    <ClCompile Include="..\libpng\pngerror.c">
      <Filter>png</Filter>
    </ClCompile>
    <ClCompile Include="..\libpng\pngget.c">
      <Filter>png</Filter>
    </ClCompile>
    <ClCompile Include="..\libpng\pngmem.c">
      <Filter>png</Filter>
    </ClCompile>
    <ClCompile Include="..\libpng\pngpread.c">
      <Filter>png</Filter>
    </ClCompile>
    <ClCompile Include="..\libpng\pngread.c">
      <Filter>png</Filter>
    </ClCompile>
    <ClCompile Include="..\libpng\pngrio.c">
      <Filter>png</Filter>
    </ClCompile>
    <ClCompile Include="..\libpng\pngrtran.c">
      <Filter>png</Filter>
    </ClCompile>
    <ClCompile Include="..\libpng\pngrutil.c">
      <Filter>png</Filter>
    </ClCompile>
    <ClCompile Include="..\libpng\pngset.c">
      <Filter>png</Filter>
    </ClCompile>
    <ClCompile Include="..\libpng\pngtrans.c">
      <Filter>png</Filter>
    </ClCompile>
    <ClCompile Include="..\libpng\pngwio.c">
      <Filter>png</Filter>
    </ClCompile>
    <ClCompile Include="..\libpng\pngwrite.c">
      <Filter>png</Filter>
    </ClCompile>
    <ClCompile Include="..\libpng\pngwtran.c">
      <Filter>png</Filter>
    </ClCompile>
  </ItemGroup>
  <ItemGroup>
    <ClInclude Include="..\renderer\mdx_format.h" />
    <ClInclude Include="..\renderer\tr_public.h" />
    <ClInclude Include="..\renderer\tr_types.h" />
    <ClInclude Include="..\zlib\trees.h" />
    <ClInclude Include="..\zlib\zconf.h" />
    <ClInclude Include="..\zlib\zlib.h" />
    <ClInclude Include="..\zlib\zutil.h" />
    <ClInclude Include="glext.h" />
    <ClInclude Include="qgl.h" />
    <ClInclude Include="tr_font.h" />
    <ClInclude Include="tr_landscape.h" />
    <ClInclude Include="tr_local.h" />
    <ClInclude Include="tr_quicksprite.h" />
    <ClInclude Include="tr_WorldEffects.h" />
    <ClInclude Include="..\zlib\deflate.h">
      <Filter>zlib32</Filter>
    </ClInclude>
    <ClInclude Include="..\zlib\crc32.h">
      <Filter>zlib32</Filter>
    </ClInclude>
    <ClInclude Include="G2_local.h">
      <Filter>GHOUL 2</Filter>
    </ClInclude>
    <ClInclude Include="..\zlib\ioapi.h">
      <Filter>zlib32</Filter>
    </ClInclude>
    <ClInclude Include="..\zlib\gzguts.h">
      <Filter>zlib32</Filter>
    </ClInclude>
    <ClInclude Include="..\zlib\inffast.h">
      <Filter>zlib32</Filter>
    </ClInclude>
    <ClInclude Include="..\zlib\inffixed.h">
      <Filter>zlib32</Filter>
    </ClInclude>
    <ClInclude Include="..\zlib\inflate.h">
      <Filter>zlib32</Filter>
    </ClInclude>
    <ClInclude Include="..\zlib\inftrees.h">
      <Filter>zlib32</Filter>
    </ClInclude>
    <ClInclude Include="..\jpeg-8c\jversion.h">
      <Filter>jpeg</Filter>
    </ClInclude>
    <ClInclude Include="..\jpeg-8c\jconfig.h">
      <Filter>jpeg</Filter>
    </ClInclude>
    <ClInclude Include="..\jpeg-8c\jdct.h">
      <Filter>jpeg</Filter>
    </ClInclude>
    <ClInclude Include="..\jpeg-8c\jerror.h">
      <Filter>jpeg</Filter>
    </ClInclude>
    <ClInclude Include="..\jpeg-8c\jinclude.h">
      <Filter>jpeg</Filter>
    </ClInclude>
    <ClInclude Include="..\jpeg-8c\jmemsys.h">
      <Filter>jpeg</Filter>
    </ClInclude>
    <ClInclude Include="..\jpeg-8c\jmorecfg.h">
      <Filter>jpeg</Filter>
    </ClInclude>
    <ClInclude Include="..\jpeg-8c\jpegint.h">
      <Filter>jpeg</Filter>
    </ClInclude>
    <ClInclude Include="..\jpeg-8c\jpeglib.h">
      <Filter>jpeg</Filter>
    </ClInclude>
    <ClInclude Include="..\libpng\png.h">
      <Filter>png</Filter>
    </ClInclude>
    <ClInclude Include="..\png\png.h">
      <Filter>png</Filter>
    </ClInclude>
    <ClInclude Include="..\libpng\pngconf.h">
      <Filter>png</Filter>
    </ClInclude>
    <ClInclude Include="..\libpng\pngstruct.h">
      <Filter>png</Filter>
    </ClInclude>
  </ItemGroup>
  <ItemGroup>
    <Filter Include="zlib32">
      <UniqueIdentifier>{3c1f602b-4d5b-4f57-a28c-a95f0ee84b8f}</UniqueIdentifier>
    </Filter>
    <Filter Include="GHOUL 2">
      <UniqueIdentifier>{429e0618-74e6-413a-905c-de8c3f95e76a}</UniqueIdentifier>
    </Filter>
    <Filter Include="jpeg">
      <UniqueIdentifier>{93504f45-60e7-4d8d-a791-3990caa0fff3}</UniqueIdentifier>
    </Filter>
    <Filter Include="png">
      <UniqueIdentifier>{96145913-2313-44f4-8b66-b58c5ac6057f}</UniqueIdentifier>
    </Filter>
  </ItemGroup>
</Project>