<?xml version="1.0" encoding="utf-8"?>
<Project ToolsVersion="4.0" xmlns="http://schemas.microsoft.com/developer/msbuild/2003">
  <ItemGroup>
    <Filter Include="Source Files">
      <UniqueIdentifier>{c3b67124-75bb-49eb-945f-6db7d17bee2a}</UniqueIdentifier>
      <Extensions>cpp;c;cxx;rc;def;r;odl;idl;hpj;bat</Extensions>
    </Filter>
    <Filter Include="Header Files">
      <UniqueIdentifier>{37e12c26-3911-4df8-8a2c-92d164cb9eb0}</UniqueIdentifier>
      <Extensions>h;hpp;hxx;hm;inl</Extensions>
    </Filter>
    <Filter Include="Resource Files">
      <UniqueIdentifier>{8bd38ef6-6e84-4e6f-b315-7a2be1ae1b03}</UniqueIdentifier>
      <Extensions>ico;cur;bmp;dlg;rc2;rct;bin;rgs;gif;jpg;jpeg;jpe</Extensions>
    </Filter>
    <Filter Include="JPEG Source">
      <UniqueIdentifier>{57d8c143-2c24-4bb0-92ea-e192835b1726}</UniqueIdentifier>
    </Filter>
    <Filter Include="JPEG Headers">
      <UniqueIdentifier>{1c95fe23-f412-437e-8ddb-103d21dc9612}</UniqueIdentifier>
    </Filter>
    <Filter Include="PNG">
      <UniqueIdentifier>{45c498a9-1750-4197-bfe7-4dabe16d6a75}</UniqueIdentifier>
    </Filter>
    <Filter Include="ZLIB">
      <UniqueIdentifier>{09641fcb-bdd9-4e46-85cf-89bfa58ac313}</UniqueIdentifier>
    </Filter>
    <Filter Include="Foreign Muck Source">
      <UniqueIdentifier>{8b9ed5b3-9de8-41ae-9e4c-38cf34b97c34}</UniqueIdentifier>
    </Filter>
    <Filter Include="Foreign Muck Headers">
      <UniqueIdentifier>{352f6883-5cac-4102-8cce-676c8a9a92e2}</UniqueIdentifier>
    </Filter>
  </ItemGroup>
  <ItemGroup>
    <ClCompile Include="CommArea.cpp">
      <Filter>Source Files</Filter>
    </ClCompile>
    <ClCompile Include="GetString.cpp">
      <Filter>Source Files</Filter>
    </ClCompile>
    <ClCompile Include="MainFrm.cpp">
      <Filter>Source Files</Filter>
    </ClCompile>
    <ClCompile Include="ModView.cpp">
      <Filter>Source Files</Filter>
    </ClCompile>
    <ClCompile Include="ModViewDoc.cpp">
      <Filter>Source Files</Filter>
    </ClCompile>
    <ClCompile Include="ModViewTreeView.cpp">
      <Filter>Source Files</Filter>
    </ClCompile>
    <ClCompile Include="ModViewView.cpp">
      <Filter>Source Files</Filter>
    </ClCompile>
    <ClCompile Include="R_GLM.cpp">
      <Filter>Source Files</Filter>
    </ClCompile>
    <ClCompile Include="R_Image.cpp">
      <Filter>Source Files</Filter>
    </ClCompile>
    <ClCompile Include="R_MD3.cpp">
      <Filter>Source Files</Filter>
    </ClCompile>
    <ClCompile Include="R_MDR.cpp">
      <Filter>Source Files</Filter>
    </ClCompile>
    <ClCompile Include="R_Model.cpp">
      <Filter>Source Files</Filter>
    </ClCompile>
    <ClCompile Include="R_Surface.cpp">
      <Filter>Source Files</Filter>
    </ClCompile>
    <ClCompile Include="SOF2NPCViewer.cpp">
      <Filter>Source Files</Filter>
    </ClCompile>
    <ClCompile Include="Splash.cpp">
      <Filter>Source Files</Filter>
    </ClCompile>
    <ClCompile Include="StdAfx.cpp">
      <Filter>Source Files</Filter>
    </ClCompile>
    <ClCompile Include="TEXT.CPP">
      <Filter>Source Files</Filter>
    </ClCompile>
    <ClCompile Include="Textures.cpp">
      <Filter>Source Files</Filter>
    </ClCompile>
    <ClCompile Include="anims.cpp">
      <Filter>Source Files</Filter>
    </ClCompile>
    <ClCompile Include="clipboard.cpp">
      <Filter>Source Files</Filter>
    </ClCompile>
    <ClCompile Include="drag.cpp">
      <Filter>Source Files</Filter>
    </ClCompile>
    <ClCompile Include="generic_stuff.cpp">
      <Filter>Source Files</Filter>
    </ClCompile>
    <ClCompile Include="gl_bits.cpp">
      <Filter>Source Files</Filter>
    </ClCompile>
    <ClCompile Include="glm_code.cpp">
      <Filter>Source Files</Filter>
    </ClCompile>
    <ClCompile Include="image.cpp">
      <Filter>Source Files</Filter>
    </ClCompile>
    <ClCompile Include="jpeg_interface.cpp">
      <Filter>Source Files</Filter>
    </ClCompile>
    <ClCompile Include="matcomp.cpp">
      <Filter>Source Files</Filter>
    </ClCompile>
    <ClCompile Include="mc_compress2.cpp">
      <Filter>Source Files</Filter>
    </ClCompile>
    <ClCompile Include="model.cpp">
      <Filter>Source Files</Filter>
    </ClCompile>
    <ClCompile Include="oldskins.cpp">
      <Filter>Source Files</Filter>
    </ClCompile>
    <ClCompile Include="parser.cpp">
      <Filter>Source Files</Filter>
    </ClCompile>
    <ClCompile Include="script.cpp">
      <Filter>Source Files</Filter>
    </ClCompile>
    <ClCompile Include="sequence.cpp">
      <Filter>Source Files</Filter>
    </ClCompile>
    <ClCompile Include="shader.cpp">
      <Filter>Source Files</Filter>
    </ClCompile>
    <ClCompile Include="skins.cpp">
      <Filter>Source Files</Filter>
    </ClCompile>
    <ClCompile Include="wintalk.cpp">
      <Filter>Source Files</Filter>
    </ClCompile>
    <ClCompile Include="jpeg6\jcomapi.c">
      <Filter>JPEG Source</Filter>
    </ClCompile>
    <ClCompile Include="jpeg6\jdapimin.c">
      <Filter>JPEG Source</Filter>
    </ClCompile>
    <ClCompile Include="jpeg6\jdapistd.c">
      <Filter>JPEG Source</Filter>
    </ClCompile>
    <ClCompile Include="jpeg6\jdatasrc.c">
      <Filter>JPEG Source</Filter>
    </ClCompile>
    <ClCompile Include="jpeg6\jdcoefct.c">
      <Filter>JPEG Source</Filter>
    </ClCompile>
    <ClCompile Include="jpeg6\jdcolor.c">
      <Filter>JPEG Source</Filter>
    </ClCompile>
    <ClCompile Include="jpeg6\jddctmgr.c">
      <Filter>JPEG Source</Filter>
    </ClCompile>
    <ClCompile Include="jpeg6\jdhuff.c">
      <Filter>JPEG Source</Filter>
    </ClCompile>
    <ClCompile Include="jpeg6\jdinput.c">
      <Filter>JPEG Source</Filter>
    </ClCompile>
    <ClCompile Include="jpeg6\jdmainct.c">
      <Filter>JPEG Source</Filter>
    </ClCompile>
    <ClCompile Include="jpeg6\jdmarker.c">
      <Filter>JPEG Source</Filter>
    </ClCompile>
    <ClCompile Include="jpeg6\jdmaster.c">
      <Filter>JPEG Source</Filter>
    </ClCompile>
    <ClCompile Include="jpeg6\jdpostct.c">
      <Filter>JPEG Source</Filter>
    </ClCompile>
    <ClCompile Include="jpeg6\jdsample.c">
      <Filter>JPEG Source</Filter>
    </ClCompile>
    <ClCompile Include="jpeg6\jdtrans.c">
      <Filter>JPEG Source</Filter>
    </ClCompile>
    <ClCompile Include="jpeg6\jerror.c">
      <Filter>JPEG Source</Filter>
    </ClCompile>
    <ClCompile Include="jpeg6\jidctflt.c">
      <Filter>JPEG Source</Filter>
    </ClCompile>
    <ClCompile Include="jpeg6\jmemmgr.c">
      <Filter>JPEG Source</Filter>
    </ClCompile>
    <ClCompile Include="jpeg6\jmemnobs.c">
      <Filter>JPEG Source</Filter>
    </ClCompile>
    <ClCompile Include="jpeg6\jutils.c">
      <Filter>JPEG Source</Filter>
    </ClCompile>
    <ClCompile Include="png\png.cpp">
      <Filter>PNG</Filter>
    </ClCompile>
    <ClCompile Include="zlib\adler32.c">
      <Filter>ZLIB</Filter>
    </ClCompile>
    <ClCompile Include="zlib\crc32.cpp">
      <Filter>ZLIB</Filter>
    </ClCompile>
    <ClCompile Include="zlib\deflate.c">
      <Filter>ZLIB</Filter>
    </ClCompile>
    <ClCompile Include="zlib\infblock.c">
      <Filter>ZLIB</Filter>
    </ClCompile>
    <ClCompile Include="zlib\infcodes.c">
      <Filter>ZLIB</Filter>
    </ClCompile>
    <ClCompile Include="zlib\inffast.c">
      <Filter>ZLIB</Filter>
    </ClCompile>
    <ClCompile Include="zlib\inflate.c">
      <Filter>ZLIB</Filter>
    </ClCompile>
    <ClCompile Include="zlib\inftrees.c">
      <Filter>ZLIB</Filter>
    </ClCompile>
    <ClCompile Include="zlib\infutil.c">
      <Filter>ZLIB</Filter>
    </ClCompile>
    <ClCompile Include="zlib\trees.c">
      <Filter>ZLIB</Filter>
    </ClCompile>
    <ClCompile Include="zlib\zutil.c">
      <Filter>ZLIB</Filter>
    </ClCompile>
    <ClCompile Include="GenericParser2.cpp">
      <Filter>Foreign Muck Source</Filter>
    </ClCompile>
    <ClCompile Include="files.cpp">
      <Filter>Foreign Muck Source</Filter>
    </ClCompile>
  </ItemGroup>
  <ItemGroup>
    <ResourceCompile Include="ModView.rc">
      <Filter>Source Files</Filter>
    </ResourceCompile>
  </ItemGroup>
  <ItemGroup>
    <ClInclude Include="CommArea.h">
      <Filter>Header Files</Filter>
    </ClInclude>
    <ClInclude Include="GetString.h">
      <Filter>Header Files</Filter>
    </ClInclude>
    <ClInclude Include="MainFrm.h">
      <Filter>Header Files</Filter>
    </ClInclude>
    <ClInclude Include="ModView.h">
      <Filter>Header Files</Filter>
    </ClInclude>
    <ClInclude Include="ModViewDoc.h">
      <Filter>Header Files</Filter>
    </ClInclude>
    <ClInclude Include="ModViewTreeView.h">
      <Filter>Header Files</Filter>
    </ClInclude>
    <ClInclude Include="ModViewView.h">
      <Filter>Header Files</Filter>
    </ClInclude>
    <ClInclude Include="R_Common.h">
      <Filter>Header Files</Filter>
    </ClInclude>
    <ClInclude Include="R_GLM.h">
      <Filter>Header Files</Filter>
    </ClInclude>
    <ClInclude Include="R_Image.h">
      <Filter>Header Files</Filter>
    </ClInclude>
    <ClInclude Include="R_MD3.h">
      <Filter>Header Files</Filter>
    </ClInclude>
    <ClInclude Include="R_MDR.h">
      <Filter>Header Files</Filter>
    </ClInclude>
    <ClInclude Include="R_Model.h">
      <Filter>Header Files</Filter>
    </ClInclude>
    <ClInclude Include="R_Surface.h">
      <Filter>Header Files</Filter>
    </ClInclude>
    <ClInclude Include="Resource.h">
      <Filter>Header Files</Filter>
    </ClInclude>
    <ClInclude Include="SOF2NPCViewer.h">
      <Filter>Header Files</Filter>
    </ClInclude>
    <ClInclude Include="Splash.h">
      <Filter>Header Files</Filter>
    </ClInclude>
    <ClInclude Include="StdAfx.h">
      <Filter>Header Files</Filter>
    </ClInclude>
    <ClInclude Include="TEXT.H">
      <Filter>Header Files</Filter>
    </ClInclude>
    <ClInclude Include="anims.h">
      <Filter>Header Files</Filter>
    </ClInclude>
    <ClInclude Include="clipboard.h">
      <Filter>Header Files</Filter>
    </ClInclude>
    <ClInclude Include="drag.h">
      <Filter>Header Files</Filter>
    </ClInclude>
    <ClInclude Include="generic_stuff.h">
      <Filter>Header Files</Filter>
    </ClInclude>
    <ClInclude Include="gl_bits.h">
      <Filter>Header Files</Filter>
    </ClInclude>
    <ClInclude Include="glm_code.h">
      <Filter>Header Files</Filter>
    </ClInclude>
    <ClInclude Include="image.h">
      <Filter>Header Files</Filter>
    </ClInclude>
    <ClInclude Include="includes.h">
      <Filter>Header Files</Filter>
    </ClInclude>
    <ClInclude Include="jpeg_interface.h">
      <Filter>Header Files</Filter>
    </ClInclude>
    <ClInclude Include="matcomp.h">
      <Filter>Header Files</Filter>
    </ClInclude>
    <ClInclude Include="mc_compress2.h">
      <Filter>Header Files</Filter>
    </ClInclude>
    <ClInclude Include="md3_format.h">
      <Filter>Header Files</Filter>
    </ClInclude>
    <ClInclude Include="mdr_format.h">
      <Filter>Header Files</Filter>
    </ClInclude>
    <ClInclude Include="mdx_format.h">
      <Filter>Header Files</Filter>
    </ClInclude>
    <ClInclude Include="model.h">
      <Filter>Header Files</Filter>
    </ClInclude>
    <ClInclude Include="oldskins.h">
      <Filter>Header Files</Filter>
    </ClInclude>
    <ClInclude Include="parser.h">
      <Filter>Header Files</Filter>
    </ClInclude>
    <ClInclude Include="script.h">
      <Filter>Header Files</Filter>
    </ClInclude>
    <ClInclude Include="sequence.h">
      <Filter>Header Files</Filter>
    </ClInclude>
    <ClInclude Include="shader.h">
      <Filter>Header Files</Filter>
    </ClInclude>
    <ClInclude Include="skins.h">
      <Filter>Header Files</Filter>
    </ClInclude>
    <ClInclude Include="special_defines.h">
      <Filter>Header Files</Filter>
    </ClInclude>
    <ClInclude Include="stl.h">
      <Filter>Header Files</Filter>
    </ClInclude>
    <ClInclude Include="textures.h">
      <Filter>Header Files</Filter>
    </ClInclude>
    <ClInclude Include="todo.h">
      <Filter>Header Files</Filter>
    </ClInclude>
    <ClInclude Include="wintalk.h">
      <Filter>Header Files</Filter>
    </ClInclude>
    <ClInclude Include="jpeg6\jconfig.h">
      <Filter>JPEG Headers</Filter>
    </ClInclude>
    <ClInclude Include="jpeg6\jdct.h">
      <Filter>JPEG Headers</Filter>
    </ClInclude>
    <ClInclude Include="jpeg6\jdhuff.h">
      <Filter>JPEG Headers</Filter>
    </ClInclude>
    <ClInclude Include="jpeg6\jerror.h">
      <Filter>JPEG Headers</Filter>
    </ClInclude>
    <ClInclude Include="jpeg6\jinclude.h">
      <Filter>JPEG Headers</Filter>
    </ClInclude>
    <ClInclude Include="jpeg6\jmemsys.h">
      <Filter>JPEG Headers</Filter>
    </ClInclude>
    <ClInclude Include="jpeg6\jmorecfg.h">
      <Filter>JPEG Headers</Filter>
    </ClInclude>
    <ClInclude Include="jpeg6\jpegint.h">
      <Filter>JPEG Headers</Filter>
    </ClInclude>
    <ClInclude Include="jpeg6\jpeglib.h">
      <Filter>JPEG Headers</Filter>
    </ClInclude>
    <ClInclude Include="jpeg6\jversion.h">
      <Filter>JPEG Headers</Filter>
    </ClInclude>
    <ClInclude Include="png\png.h">
      <Filter>PNG</Filter>
    </ClInclude>
    <ClInclude Include="zlib\deflate.h">
      <Filter>ZLIB</Filter>
    </ClInclude>
    <ClInclude Include="zlib\infblock.h">
      <Filter>ZLIB</Filter>
    </ClInclude>
    <ClInclude Include="zlib\infcodes.h">
      <Filter>ZLIB</Filter>
    </ClInclude>
    <ClInclude Include="zlib\inffast.h">
      <Filter>ZLIB</Filter>
    </ClInclude>
    <ClInclude Include="zlib\inffixed.h">
      <Filter>ZLIB</Filter>
    </ClInclude>
    <ClInclude Include="zlib\inftrees.h">
      <Filter>ZLIB</Filter>
    </ClInclude>
    <ClInclude Include="zlib\infutil.h">
      <Filter>ZLIB</Filter>
    </ClInclude>
    <ClInclude Include="zlib\trees.h">
      <Filter>ZLIB</Filter>
    </ClInclude>
    <ClInclude Include="zlib\zconf.h">
      <Filter>ZLIB</Filter>
    </ClInclude>
    <ClInclude Include="zlib\zlib.h">
      <Filter>ZLIB</Filter>
    </ClInclude>
    <ClInclude Include="zlib\zutil.h">
      <Filter>ZLIB</Filter>
    </ClInclude>
    <ClInclude Include="GenericParser2.h">
      <Filter>Foreign Muck Headers</Filter>
    </ClInclude>
    <ClInclude Include="common_headers.h">
      <Filter>Foreign Muck Headers</Filter>
    </ClInclude>
    <ClInclude Include="disablewarnings.h">
      <Filter>Foreign Muck Headers</Filter>
    </ClInclude>
    <ClInclude Include="files.h">
      <Filter>Foreign Muck Headers</Filter>
    </ClInclude>
  </ItemGroup>
  <ItemGroup>
    <Image Include="res\ModView.ico">
      <Filter>Resource Files</Filter>
    </Image>
    <Image Include="res\ModViewDoc.ico">
      <Filter>Resource Files</Filter>
    </Image>
    <Image Include="Splsh16.bmp">
      <Filter>Resource Files</Filter>
    </Image>
    <Image Include="res\Toolbar.bmp">
      <Filter>Resource Files</Filter>
    </Image>
  </ItemGroup>
  <ItemGroup>
    <None Include="res\ModView.rc2">
      <Filter>Resource Files</Filter>
    </None>
  </ItemGroup>
  <ItemGroup>
    <Text Include="ReadMe.txt" />
  </ItemGroup>
</Project>