// !$*UTF8*$!
{
	archiveVersion = 1;
	classes = {
	};
	objectVersion = 42;
	objects = {

/* Begin PBXBuildFile section */
		565DADD50C4FF78D008167FA /* InfoPlist.strings in Resources */ = {isa = PBXBuildFile; fileRef = 089C167DFE841241C02AAC07 /* InfoPlist.strings */; };
		565DAE0C0C4FF78D008167FA /* CoreFoundation.framework in Frameworks */ = {isa = PBXBuildFile; fileRef = 0AA1909FFE8422F4C02AAC07 /* CoreFoundation.framework */; };
		56E4CE2B121EFF36004E7206 /* Info-cgame.plist in Resources */ = {isa = PBXBuildFile; fileRef = 56E4CE2A121EFF36004E7206 /* Info-cgame.plist */; };
		56E4CE4F121EFF71004E7206 /* cg_consolecmds.c in Sources */ = {isa = PBXBuildFile; fileRef = 56E4CE2D121EFF71004E7206 /* cg_consolecmds.c */; };
		56E4CE50121EFF71004E7206 /* cg_draw.c in Sources */ = {isa = PBXBuildFile; fileRef = 56E4CE2E121EFF71004E7206 /* cg_draw.c */; };
		56E4CE51121EFF71004E7206 /* cg_drawtools.c in Sources */ = {isa = PBXBuildFile; fileRef = 56E4CE2F121EFF71004E7206 /* cg_drawtools.c */; };
		56E4CE52121EFF71004E7206 /* cg_effects.c in Sources */ = {isa = PBXBuildFile; fileRef = 56E4CE30121EFF71004E7206 /* cg_effects.c */; };
		56E4CE53121EFF71004E7206 /* cg_ents.c in Sources */ = {isa = PBXBuildFile; fileRef = 56E4CE31121EFF71004E7206 /* cg_ents.c */; };
		56E4CE54121EFF71004E7206 /* cg_event.c in Sources */ = {isa = PBXBuildFile; fileRef = 56E4CE32121EFF71004E7206 /* cg_event.c */; };
		56E4CE55121EFF71004E7206 /* cg_info.c in Sources */ = {isa = PBXBuildFile; fileRef = 56E4CE33121EFF71004E7206 /* cg_info.c */; };
		56E4CE56121EFF71004E7206 /* cg_light.c in Sources */ = {isa = PBXBuildFile; fileRef = 56E4CE34121EFF71004E7206 /* cg_light.c */; };
		56E4CE57121EFF71004E7206 /* cg_localents.c in Sources */ = {isa = PBXBuildFile; fileRef = 56E4CE35121EFF71004E7206 /* cg_localents.c */; };
		56E4CE58121EFF71004E7206 /* cg_main.c in Sources */ = {isa = PBXBuildFile; fileRef = 56E4CE36121EFF71004E7206 /* cg_main.c */; };
		56E4CE59121EFF71004E7206 /* cg_marks.c in Sources */ = {isa = PBXBuildFile; fileRef = 56E4CE37121EFF71004E7206 /* cg_marks.c */; };
		56E4CE5A121EFF71004E7206 /* cg_newDraw.c in Sources */ = {isa = PBXBuildFile; fileRef = 56E4CE38121EFF71004E7206 /* cg_newDraw.c */; };
		56E4CE5B121EFF71004E7206 /* cg_players.c in Sources */ = {isa = PBXBuildFile; fileRef = 56E4CE39121EFF71004E7206 /* cg_players.c */; };
		56E4CE5C121EFF71004E7206 /* cg_playerstate.c in Sources */ = {isa = PBXBuildFile; fileRef = 56E4CE3A121EFF71004E7206 /* cg_playerstate.c */; };
		56E4CE5D121EFF71004E7206 /* cg_predict.c in Sources */ = {isa = PBXBuildFile; fileRef = 56E4CE3B121EFF71004E7206 /* cg_predict.c */; };
		56E4CE5E121EFF71004E7206 /* cg_saga.c in Sources */ = {isa = PBXBuildFile; fileRef = 56E4CE3C121EFF71004E7206 /* cg_saga.c */; };
		56E4CE5F121EFF71004E7206 /* cg_scoreboard.c in Sources */ = {isa = PBXBuildFile; fileRef = 56E4CE3D121EFF71004E7206 /* cg_scoreboard.c */; };
		56E4CE60121EFF71004E7206 /* cg_servercmds.c in Sources */ = {isa = PBXBuildFile; fileRef = 56E4CE3E121EFF71004E7206 /* cg_servercmds.c */; };
		56E4CE61121EFF71004E7206 /* cg_snapshot.c in Sources */ = {isa = PBXBuildFile; fileRef = 56E4CE3F121EFF71004E7206 /* cg_snapshot.c */; };
		56E4CE62121EFF71004E7206 /* cg_strap.c in Sources */ = {isa = PBXBuildFile; fileRef = 56E4CE40121EFF71004E7206 /* cg_strap.c */; };
		56E4CE63121EFF71004E7206 /* cg_syscalls.c in Sources */ = {isa = PBXBuildFile; fileRef = 56E4CE41121EFF71004E7206 /* cg_syscalls.c */; };
		56E4CE64121EFF71004E7206 /* cg_turret.c in Sources */ = {isa = PBXBuildFile; fileRef = 56E4CE42121EFF71004E7206 /* cg_turret.c */; };
		56E4CE65121EFF71004E7206 /* cg_view.c in Sources */ = {isa = PBXBuildFile; fileRef = 56E4CE43121EFF71004E7206 /* cg_view.c */; };
		56E4CE66121EFF71004E7206 /* cg_weaponinit.c in Sources */ = {isa = PBXBuildFile; fileRef = 56E4CE44121EFF71004E7206 /* cg_weaponinit.c */; };
		56E4CE67121EFF71004E7206 /* cg_weapons.c in Sources */ = {isa = PBXBuildFile; fileRef = 56E4CE45121EFF71004E7206 /* cg_weapons.c */; };
		56E4CE68121EFF71004E7206 /* fx_blaster.c in Sources */ = {isa = PBXBuildFile; fileRef = 56E4CE46121EFF71004E7206 /* fx_blaster.c */; };
		56E4CE69121EFF71004E7206 /* fx_bowcaster.c in Sources */ = {isa = PBXBuildFile; fileRef = 56E4CE47121EFF71004E7206 /* fx_bowcaster.c */; };
		56E4CE6A121EFF71004E7206 /* fx_bryarpistol.c in Sources */ = {isa = PBXBuildFile; fileRef = 56E4CE48121EFF71004E7206 /* fx_bryarpistol.c */; };
		56E4CE6B121EFF71004E7206 /* fx_demp2.c in Sources */ = {isa = PBXBuildFile; fileRef = 56E4CE49121EFF71004E7206 /* fx_demp2.c */; };
		56E4CE6C121EFF71004E7206 /* fx_disruptor.c in Sources */ = {isa = PBXBuildFile; fileRef = 56E4CE4A121EFF71004E7206 /* fx_disruptor.c */; };
		56E4CE6D121EFF71004E7206 /* fx_flechette.c in Sources */ = {isa = PBXBuildFile; fileRef = 56E4CE4B121EFF71004E7206 /* fx_flechette.c */; };
		56E4CE6E121EFF71004E7206 /* fx_force.c in Sources */ = {isa = PBXBuildFile; fileRef = 56E4CE4C121EFF71004E7206 /* fx_force.c */; };
		56E4CE6F121EFF71004E7206 /* fx_heavyrepeater.c in Sources */ = {isa = PBXBuildFile; fileRef = 56E4CE4D121EFF71004E7206 /* fx_heavyrepeater.c */; };
		56E4CE70121EFF71004E7206 /* fx_rocketlauncher.c in Sources */ = {isa = PBXBuildFile; fileRef = 56E4CE4E121EFF71004E7206 /* fx_rocketlauncher.c */; };
		56E4CE83121EFFA3004E7206 /* AnimalNPC.c in Sources */ = {isa = PBXBuildFile; fileRef = 56E4CE72121EFFA3004E7206 /* AnimalNPC.c */; };
		56E4CE84121EFFA3004E7206 /* bg_g2_utils.c in Sources */ = {isa = PBXBuildFile; fileRef = 56E4CE73121EFFA3004E7206 /* bg_g2_utils.c */; };
		56E4CE86121EFFA3004E7206 /* bg_misc.c in Sources */ = {isa = PBXBuildFile; fileRef = 56E4CE75121EFFA3004E7206 /* bg_misc.c */; };
		56E4CE87121EFFA3004E7206 /* bg_panimate.c in Sources */ = {isa = PBXBuildFile; fileRef = 56E4CE76121EFFA3004E7206 /* bg_panimate.c */; };
		56E4CE88121EFFA3004E7206 /* bg_pmove.c in Sources */ = {isa = PBXBuildFile; fileRef = 56E4CE77121EFFA3004E7206 /* bg_pmove.c */; };
		56E4CE89121EFFA3004E7206 /* bg_saber.c in Sources */ = {isa = PBXBuildFile; fileRef = 56E4CE78121EFFA3004E7206 /* bg_saber.c */; };
		56E4CE8A121EFFA3004E7206 /* bg_saberLoad.c in Sources */ = {isa = PBXBuildFile; fileRef = 56E4CE79121EFFA3004E7206 /* bg_saberLoad.c */; };
		56E4CE8B121EFFA3004E7206 /* bg_saga.c in Sources */ = {isa = PBXBuildFile; fileRef = 56E4CE7A121EFFA3004E7206 /* bg_saga.c */; };
		56E4CE8C121EFFA3004E7206 /* bg_slidemove.c in Sources */ = {isa = PBXBuildFile; fileRef = 56E4CE7B121EFFA3004E7206 /* bg_slidemove.c */; };
		56E4CE8D121EFFA3004E7206 /* bg_vehicleLoad.c in Sources */ = {isa = PBXBuildFile; fileRef = 56E4CE7C121EFFA3004E7206 /* bg_vehicleLoad.c */; };
		56E4CE8E121EFFA3004E7206 /* bg_weapons.c in Sources */ = {isa = PBXBuildFile; fileRef = 56E4CE7D121EFFA3004E7206 /* bg_weapons.c */; };
		56E4CE8F121EFFA3004E7206 /* FighterNPC.c in Sources */ = {isa = PBXBuildFile; fileRef = 56E4CE7E121EFFA3004E7206 /* FighterNPC.c */; };
		56E4CE90121EFFA3004E7206 /* q_math.c in Sources */ = {isa = PBXBuildFile; fileRef = 56E4CE7F121EFFA3004E7206 /* q_math.c */; };
		56E4CE91121EFFA3004E7206 /* q_shared.c in Sources */ = {isa = PBXBuildFile; fileRef = 56E4CE80121EFFA3004E7206 /* q_shared.c */; };
		56E4CE92121EFFA3004E7206 /* SpeederNPC.c in Sources */ = {isa = PBXBuildFile; fileRef = 56E4CE81121EFFA3004E7206 /* SpeederNPC.c */; };
		56E4CE93121EFFA3004E7206 /* WalkerNPC.c in Sources */ = {isa = PBXBuildFile; fileRef = 56E4CE82121EFFA3004E7206 /* WalkerNPC.c */; };
		56E4CE95121EFFB3004E7206 /* ui_shared.c in Sources */ = {isa = PBXBuildFile; fileRef = 56E4CE94121EFFB3004E7206 /* ui_shared.c */; };
/* End PBXBuildFile section */

/* Begin PBXFileReference section */
		089C167EFE841241C02AAC07 /* English */ = {isa = PBXFileReference; fileEncoding = 10; lastKnownFileType = text.plist.strings; name = English; path = English.lproj/InfoPlist.strings; sourceTree = "<group>"; };
		0AA1909FFE8422F4C02AAC07 /* CoreFoundation.framework */ = {isa = PBXFileReference; lastKnownFileType = wrapper.framework; name = CoreFoundation.framework; path = /System/Library/Frameworks/CoreFoundation.framework; sourceTree = "<absolute>"; };
		565DAE130C4FF78D008167FA /* cgame.bundle */ = {isa = PBXFileReference; explicitFileType = wrapper.cfbundle; includeInIndex = 0; path = cgame.bundle; sourceTree = BUILT_PRODUCTS_DIR; };
		56E4CE2A121EFF36004E7206 /* Info-cgame.plist */ = {isa = PBXFileReference; fileEncoding = 4; lastKnownFileType = text.plist.xml; path = "Info-cgame.plist"; sourceTree = "<group>"; };
		56E4CE2D121EFF71004E7206 /* cg_consolecmds.c */ = {isa = PBXFileReference; fileEncoding = 4; lastKnownFileType = sourcecode.c.c; name = cg_consolecmds.c; path = ../cgame/cg_consolecmds.c; sourceTree = SOURCE_ROOT; };
		56E4CE2E121EFF71004E7206 /* cg_draw.c */ = {isa = PBXFileReference; fileEncoding = 4; lastKnownFileType = sourcecode.c.c; name = cg_draw.c; path = ../cgame/cg_draw.c; sourceTree = SOURCE_ROOT; };
		56E4CE2F121EFF71004E7206 /* cg_drawtools.c */ = {isa = PBXFileReference; fileEncoding = 4; lastKnownFileType = sourcecode.c.c; name = cg_drawtools.c; path = ../cgame/cg_drawtools.c; sourceTree = SOURCE_ROOT; };
		56E4CE30121EFF71004E7206 /* cg_effects.c */ = {isa = PBXFileReference; fileEncoding = 4; lastKnownFileType = sourcecode.c.c; name = cg_effects.c; path = ../cgame/cg_effects.c; sourceTree = SOURCE_ROOT; };
		56E4CE31121EFF71004E7206 /* cg_ents.c */ = {isa = PBXFileReference; fileEncoding = 4; lastKnownFileType = sourcecode.c.c; name = cg_ents.c; path = ../cgame/cg_ents.c; sourceTree = SOURCE_ROOT; };
		56E4CE32121EFF71004E7206 /* cg_event.c */ = {isa = PBXFileReference; fileEncoding = 4; lastKnownFileType = sourcecode.c.c; name = cg_event.c; path = ../cgame/cg_event.c; sourceTree = SOURCE_ROOT; };
		56E4CE33121EFF71004E7206 /* cg_info.c */ = {isa = PBXFileReference; fileEncoding = 4; lastKnownFileType = sourcecode.c.c; name = cg_info.c; path = ../cgame/cg_info.c; sourceTree = SOURCE_ROOT; };
		56E4CE34121EFF71004E7206 /* cg_light.c */ = {isa = PBXFileReference; fileEncoding = 4; lastKnownFileType = sourcecode.c.c; name = cg_light.c; path = ../cgame/cg_light.c; sourceTree = SOURCE_ROOT; };
		56E4CE35121EFF71004E7206 /* cg_localents.c */ = {isa = PBXFileReference; fileEncoding = 4; lastKnownFileType = sourcecode.c.c; name = cg_localents.c; path = ../cgame/cg_localents.c; sourceTree = SOURCE_ROOT; };
		56E4CE36121EFF71004E7206 /* cg_main.c */ = {isa = PBXFileReference; fileEncoding = 4; lastKnownFileType = sourcecode.c.c; name = cg_main.c; path = ../cgame/cg_main.c; sourceTree = SOURCE_ROOT; };
		56E4CE37121EFF71004E7206 /* cg_marks.c */ = {isa = PBXFileReference; fileEncoding = 4; lastKnownFileType = sourcecode.c.c; name = cg_marks.c; path = ../cgame/cg_marks.c; sourceTree = SOURCE_ROOT; };
		56E4CE38121EFF71004E7206 /* cg_newDraw.c */ = {isa = PBXFileReference; fileEncoding = 4; lastKnownFileType = sourcecode.c.c; name = cg_newDraw.c; path = ../cgame/cg_newDraw.c; sourceTree = SOURCE_ROOT; };
		56E4CE39121EFF71004E7206 /* cg_players.c */ = {isa = PBXFileReference; fileEncoding = 4; lastKnownFileType = sourcecode.c.c; name = cg_players.c; path = ../cgame/cg_players.c; sourceTree = SOURCE_ROOT; };
		56E4CE3A121EFF71004E7206 /* cg_playerstate.c */ = {isa = PBXFileReference; fileEncoding = 4; lastKnownFileType = sourcecode.c.c; name = cg_playerstate.c; path = ../cgame/cg_playerstate.c; sourceTree = SOURCE_ROOT; };
		56E4CE3B121EFF71004E7206 /* cg_predict.c */ = {isa = PBXFileReference; fileEncoding = 4; lastKnownFileType = sourcecode.c.c; name = cg_predict.c; path = ../cgame/cg_predict.c; sourceTree = SOURCE_ROOT; };
		56E4CE3C121EFF71004E7206 /* cg_saga.c */ = {isa = PBXFileReference; fileEncoding = 4; lastKnownFileType = sourcecode.c.c; name = cg_saga.c; path = ../cgame/cg_saga.c; sourceTree = SOURCE_ROOT; };
		56E4CE3D121EFF71004E7206 /* cg_scoreboard.c */ = {isa = PBXFileReference; fileEncoding = 4; lastKnownFileType = sourcecode.c.c; name = cg_scoreboard.c; path = ../cgame/cg_scoreboard.c; sourceTree = SOURCE_ROOT; };
		56E4CE3E121EFF71004E7206 /* cg_servercmds.c */ = {isa = PBXFileReference; fileEncoding = 4; lastKnownFileType = sourcecode.c.c; name = cg_servercmds.c; path = ../cgame/cg_servercmds.c; sourceTree = SOURCE_ROOT; };
		56E4CE3F121EFF71004E7206 /* cg_snapshot.c */ = {isa = PBXFileReference; fileEncoding = 4; lastKnownFileType = sourcecode.c.c; name = cg_snapshot.c; path = ../cgame/cg_snapshot.c; sourceTree = SOURCE_ROOT; };
		56E4CE40121EFF71004E7206 /* cg_strap.c */ = {isa = PBXFileReference; fileEncoding = 4; lastKnownFileType = sourcecode.c.c; name = cg_strap.c; path = ../cgame/cg_strap.c; sourceTree = SOURCE_ROOT; };
		56E4CE41121EFF71004E7206 /* cg_syscalls.c */ = {isa = PBXFileReference; fileEncoding = 4; lastKnownFileType = sourcecode.c.c; name = cg_syscalls.c; path = ../cgame/cg_syscalls.c; sourceTree = SOURCE_ROOT; };
		56E4CE42121EFF71004E7206 /* cg_turret.c */ = {isa = PBXFileReference; fileEncoding = 4; lastKnownFileType = sourcecode.c.c; name = cg_turret.c; path = ../cgame/cg_turret.c; sourceTree = SOURCE_ROOT; };
		56E4CE43121EFF71004E7206 /* cg_view.c */ = {isa = PBXFileReference; fileEncoding = 4; lastKnownFileType = sourcecode.c.c; name = cg_view.c; path = ../cgame/cg_view.c; sourceTree = SOURCE_ROOT; };
		56E4CE44121EFF71004E7206 /* cg_weaponinit.c */ = {isa = PBXFileReference; fileEncoding = 4; lastKnownFileType = sourcecode.c.c; name = cg_weaponinit.c; path = ../cgame/cg_weaponinit.c; sourceTree = SOURCE_ROOT; };
		56E4CE45121EFF71004E7206 /* cg_weapons.c */ = {isa = PBXFileReference; fileEncoding = 4; lastKnownFileType = sourcecode.c.c; name = cg_weapons.c; path = ../cgame/cg_weapons.c; sourceTree = SOURCE_ROOT; };
		56E4CE46121EFF71004E7206 /* fx_blaster.c */ = {isa = PBXFileReference; fileEncoding = 4; lastKnownFileType = sourcecode.c.c; name = fx_blaster.c; path = ../cgame/fx_blaster.c; sourceTree = SOURCE_ROOT; };
		56E4CE47121EFF71004E7206 /* fx_bowcaster.c */ = {isa = PBXFileReference; fileEncoding = 4; lastKnownFileType = sourcecode.c.c; name = fx_bowcaster.c; path = ../cgame/fx_bowcaster.c; sourceTree = SOURCE_ROOT; };
		56E4CE48121EFF71004E7206 /* fx_bryarpistol.c */ = {isa = PBXFileReference; fileEncoding = 4; lastKnownFileType = sourcecode.c.c; name = fx_bryarpistol.c; path = ../cgame/fx_bryarpistol.c; sourceTree = SOURCE_ROOT; };
		56E4CE49121EFF71004E7206 /* fx_demp2.c */ = {isa = PBXFileReference; fileEncoding = 4; lastKnownFileType = sourcecode.c.c; name = fx_demp2.c; path = ../cgame/fx_demp2.c; sourceTree = SOURCE_ROOT; };
		56E4CE4A121EFF71004E7206 /* fx_disruptor.c */ = {isa = PBXFileReference; fileEncoding = 4; lastKnownFileType = sourcecode.c.c; name = fx_disruptor.c; path = ../cgame/fx_disruptor.c; sourceTree = SOURCE_ROOT; };
		56E4CE4B121EFF71004E7206 /* fx_flechette.c */ = {isa = PBXFileReference; fileEncoding = 4; lastKnownFileType = sourcecode.c.c; name = fx_flechette.c; path = ../cgame/fx_flechette.c; sourceTree = SOURCE_ROOT; };
		56E4CE4C121EFF71004E7206 /* fx_force.c */ = {isa = PBXFileReference; fileEncoding = 4; lastKnownFileType = sourcecode.c.c; name = fx_force.c; path = ../cgame/fx_force.c; sourceTree = SOURCE_ROOT; };
		56E4CE4D121EFF71004E7206 /* fx_heavyrepeater.c */ = {isa = PBXFileReference; fileEncoding = 4; lastKnownFileType = sourcecode.c.c; name = fx_heavyrepeater.c; path = ../cgame/fx_heavyrepeater.c; sourceTree = SOURCE_ROOT; };
		56E4CE4E121EFF71004E7206 /* fx_rocketlauncher.c */ = {isa = PBXFileReference; fileEncoding = 4; lastKnownFileType = sourcecode.c.c; name = fx_rocketlauncher.c; path = ../cgame/fx_rocketlauncher.c; sourceTree = SOURCE_ROOT; };
		56E4CE72121EFFA3004E7206 /* AnimalNPC.c */ = {isa = PBXFileReference; fileEncoding = 4; lastKnownFileType = sourcecode.c.c; name = AnimalNPC.c; path = ../game/AnimalNPC.c; sourceTree = SOURCE_ROOT; };
		56E4CE73121EFFA3004E7206 /* bg_g2_utils.c */ = {isa = PBXFileReference; fileEncoding = 4; lastKnownFileType = sourcecode.c.c; name = bg_g2_utils.c; path = ../game/bg_g2_utils.c; sourceTree = SOURCE_ROOT; };
		56E4CE75121EFFA3004E7206 /* bg_misc.c */ = {isa = PBXFileReference; fileEncoding = 4; lastKnownFileType = sourcecode.c.c; name = bg_misc.c; path = ../game/bg_misc.c; sourceTree = SOURCE_ROOT; };
		56E4CE76121EFFA3004E7206 /* bg_panimate.c */ = {isa = PBXFileReference; fileEncoding = 4; lastKnownFileType = sourcecode.c.c; name = bg_panimate.c; path = ../game/bg_panimate.c; sourceTree = SOURCE_ROOT; };
		56E4CE77121EFFA3004E7206 /* bg_pmove.c */ = {isa = PBXFileReference; fileEncoding = 4; lastKnownFileType = sourcecode.c.c; name = bg_pmove.c; path = ../game/bg_pmove.c; sourceTree = SOURCE_ROOT; };
		56E4CE78121EFFA3004E7206 /* bg_saber.c */ = {isa = PBXFileReference; fileEncoding = 4; lastKnownFileType = sourcecode.c.c; name = bg_saber.c; path = ../game/bg_saber.c; sourceTree = SOURCE_ROOT; };
		56E4CE79121EFFA3004E7206 /* bg_saberLoad.c */ = {isa = PBXFileReference; fileEncoding = 4; lastKnownFileType = sourcecode.c.c; name = bg_saberLoad.c; path = ../game/bg_saberLoad.c; sourceTree = SOURCE_ROOT; };
		56E4CE7A121EFFA3004E7206 /* bg_saga.c */ = {isa = PBXFileReference; fileEncoding = 4; lastKnownFileType = sourcecode.c.c; name = bg_saga.c; path = ../game/bg_saga.c; sourceTree = SOURCE_ROOT; };
		56E4CE7B121EFFA3004E7206 /* bg_slidemove.c */ = {isa = PBXFileReference; fileEncoding = 4; lastKnownFileType = sourcecode.c.c; name = bg_slidemove.c; path = ../game/bg_slidemove.c; sourceTree = SOURCE_ROOT; };
		56E4CE7C121EFFA3004E7206 /* bg_vehicleLoad.c */ = {isa = PBXFileReference; fileEncoding = 4; lastKnownFileType = sourcecode.c.c; name = bg_vehicleLoad.c; path = ../game/bg_vehicleLoad.c; sourceTree = SOURCE_ROOT; };
		56E4CE7D121EFFA3004E7206 /* bg_weapons.c */ = {isa = PBXFileReference; fileEncoding = 4; lastKnownFileType = sourcecode.c.c; name = bg_weapons.c; path = ../game/bg_weapons.c; sourceTree = SOURCE_ROOT; };
		56E4CE7E121EFFA3004E7206 /* FighterNPC.c */ = {isa = PBXFileReference; fileEncoding = 4; lastKnownFileType = sourcecode.c.c; name = FighterNPC.c; path = ../game/FighterNPC.c; sourceTree = SOURCE_ROOT; };
		56E4CE7F121EFFA3004E7206 /* q_math.c */ = {isa = PBXFileReference; fileEncoding = 4; lastKnownFileType = sourcecode.c.c; name = q_math.c; path = ../game/q_math.c; sourceTree = SOURCE_ROOT; };
		56E4CE80121EFFA3004E7206 /* q_shared.c */ = {isa = PBXFileReference; fileEncoding = 4; lastKnownFileType = sourcecode.c.c; name = q_shared.c; path = ../game/q_shared.c; sourceTree = SOURCE_ROOT; };
		56E4CE81121EFFA3004E7206 /* SpeederNPC.c */ = {isa = PBXFileReference; fileEncoding = 4; lastKnownFileType = sourcecode.c.c; name = SpeederNPC.c; path = ../game/SpeederNPC.c; sourceTree = SOURCE_ROOT; };
		56E4CE82121EFFA3004E7206 /* WalkerNPC.c */ = {isa = PBXFileReference; fileEncoding = 4; lastKnownFileType = sourcecode.c.c; name = WalkerNPC.c; path = ../game/WalkerNPC.c; sourceTree = SOURCE_ROOT; };
		56E4CE94121EFFB3004E7206 /* ui_shared.c */ = {isa = PBXFileReference; fileEncoding = 4; lastKnownFileType = sourcecode.c.c; name = ui_shared.c; path = ../ui/ui_shared.c; sourceTree = SOURCE_ROOT; };
/* End PBXFileReference section */

/* Begin PBXFrameworksBuildPhase section */
		565DAE0B0C4FF78D008167FA /* Frameworks */ = {
			isa = PBXFrameworksBuildPhase;
			buildActionMask = 2147483647;
			files = (
				565DAE0C0C4FF78D008167FA /* CoreFoundation.framework in Frameworks */,
			);
			runOnlyForDeploymentPostprocessing = 0;
		};
/* End PBXFrameworksBuildPhase section */

/* Begin PBXGroup section */
		089C166AFE841209C02AAC07 /* cgame */ = {
			isa = PBXGroup;
			children = (
				56E4CE2A121EFF36004E7206 /* Info-cgame.plist */,
				08FB77AFFE84173DC02AAC07 /* cgame */,
				F5C12684034158F301A80169 /* game */,
				F5C126980341598B01A80169 /* ui */,
				089C167CFE841241C02AAC07 /* Resources */,
				089C1671FE841209C02AAC07 /* External Frameworks and Libraries */,
				19C28FB6FE9D52B211CA2CBB /* Products */,
			);
			name = cgame;
			sourceTree = "<group>";
		};
		089C1671FE841209C02AAC07 /* External Frameworks and Libraries */ = {
			isa = PBXGroup;
			children = (
				0AA1909FFE8422F4C02AAC07 /* CoreFoundation.framework */,
			);
			name = "External Frameworks and Libraries";
			sourceTree = "<group>";
		};
		089C167CFE841241C02AAC07 /* Resources */ = {
			isa = PBXGroup;
			children = (
				089C167DFE841241C02AAC07 /* InfoPlist.strings */,
			);
			name = Resources;
			sourceTree = "<group>";
		};
		08FB77AFFE84173DC02AAC07 /* cgame */ = {
			isa = PBXGroup;
			children = (
				56E4CE2D121EFF71004E7206 /* cg_consolecmds.c */,
				56E4CE2E121EFF71004E7206 /* cg_draw.c */,
				56E4CE2F121EFF71004E7206 /* cg_drawtools.c */,
				56E4CE30121EFF71004E7206 /* cg_effects.c */,
				56E4CE31121EFF71004E7206 /* cg_ents.c */,
				56E4CE32121EFF71004E7206 /* cg_event.c */,
				56E4CE33121EFF71004E7206 /* cg_info.c */,
				56E4CE34121EFF71004E7206 /* cg_light.c */,
				56E4CE35121EFF71004E7206 /* cg_localents.c */,
				56E4CE36121EFF71004E7206 /* cg_main.c */,
				56E4CE37121EFF71004E7206 /* cg_marks.c */,
				56E4CE38121EFF71004E7206 /* cg_newDraw.c */,
				56E4CE39121EFF71004E7206 /* cg_players.c */,
				56E4CE3A121EFF71004E7206 /* cg_playerstate.c */,
				56E4CE3B121EFF71004E7206 /* cg_predict.c */,
				56E4CE3C121EFF71004E7206 /* cg_saga.c */,
				56E4CE3D121EFF71004E7206 /* cg_scoreboard.c */,
				56E4CE3E121EFF71004E7206 /* cg_servercmds.c */,
				56E4CE3F121EFF71004E7206 /* cg_snapshot.c */,
				56E4CE40121EFF71004E7206 /* cg_strap.c */,
				56E4CE41121EFF71004E7206 /* cg_syscalls.c */,
				56E4CE42121EFF71004E7206 /* cg_turret.c */,
				56E4CE43121EFF71004E7206 /* cg_view.c */,
				56E4CE44121EFF71004E7206 /* cg_weaponinit.c */,
				56E4CE45121EFF71004E7206 /* cg_weapons.c */,
				56E4CE46121EFF71004E7206 /* fx_blaster.c */,
				56E4CE47121EFF71004E7206 /* fx_bowcaster.c */,
				56E4CE48121EFF71004E7206 /* fx_bryarpistol.c */,
				56E4CE49121EFF71004E7206 /* fx_demp2.c */,
				56E4CE4A121EFF71004E7206 /* fx_disruptor.c */,
				56E4CE4B121EFF71004E7206 /* fx_flechette.c */,
				56E4CE4C121EFF71004E7206 /* fx_force.c */,
				56E4CE4D121EFF71004E7206 /* fx_heavyrepeater.c */,
				56E4CE4E121EFF71004E7206 /* fx_rocketlauncher.c */,
			);
			name = cgame;
			sourceTree = "<group>";
		};
		19C28FB6FE9D52B211CA2CBB /* Products */ = {
			isa = PBXGroup;
			children = (
				565DAE130C4FF78D008167FA /* cgame.bundle */,
			);
			name = Products;
			sourceTree = "<group>";
		};
		F5C12684034158F301A80169 /* game */ = {
			isa = PBXGroup;
			children = (
				56E4CE72121EFFA3004E7206 /* AnimalNPC.c */,
				56E4CE73121EFFA3004E7206 /* bg_g2_utils.c */,
				56E4CE75121EFFA3004E7206 /* bg_misc.c */,
				56E4CE76121EFFA3004E7206 /* bg_panimate.c */,
				56E4CE77121EFFA3004E7206 /* bg_pmove.c */,
				56E4CE78121EFFA3004E7206 /* bg_saber.c */,
				56E4CE79121EFFA3004E7206 /* bg_saberLoad.c */,
				56E4CE7A121EFFA3004E7206 /* bg_saga.c */,
				56E4CE7B121EFFA3004E7206 /* bg_slidemove.c */,
				56E4CE7C121EFFA3004E7206 /* bg_vehicleLoad.c */,
				56E4CE7D121EFFA3004E7206 /* bg_weapons.c */,
				56E4CE7E121EFFA3004E7206 /* FighterNPC.c */,
				56E4CE7F121EFFA3004E7206 /* q_math.c */,
				56E4CE80121EFFA3004E7206 /* q_shared.c */,
				56E4CE81121EFFA3004E7206 /* SpeederNPC.c */,
				56E4CE82121EFFA3004E7206 /* WalkerNPC.c */,
			);
			name = game;
			sourceTree = "<group>";
		};
		F5C126980341598B01A80169 /* ui */ = {
			isa = PBXGroup;
			children = (
				56E4CE94121EFFB3004E7206 /* ui_shared.c */,
			);
			name = ui;
			sourceTree = "<group>";
		};
/* End PBXGroup section */

/* Begin PBXHeadersBuildPhase section */
		565DADD30C4FF78D008167FA /* Headers */ = {
			isa = PBXHeadersBuildPhase;
			buildActionMask = 2147483647;
			files = (
			);
			runOnlyForDeploymentPostprocessing = 0;
		};
/* End PBXHeadersBuildPhase section */

/* Begin PBXNativeTarget section */
		565DADD20C4FF78D008167FA /* cgame */ = {
			isa = PBXNativeTarget;
			buildConfigurationList = 565DAE0E0C4FF78D008167FA /* Build configuration list for PBXNativeTarget "cgame" */;
			buildPhases = (
				565DADD30C4FF78D008167FA /* Headers */,
				565DADD40C4FF78D008167FA /* Resources */,
				565DADD60C4FF78D008167FA /* Sources */,
				565DAE0B0C4FF78D008167FA /* Frameworks */,
				565DAE0D0C4FF78D008167FA /* Rez */,
			);
			buildRules = (
			);
			dependencies = (
			);
			name = cgame;
			productName = cgame;
			productReference = 565DAE130C4FF78D008167FA /* cgame.bundle */;
			productType = "com.apple.product-type.bundle";
		};
/* End PBXNativeTarget section */

/* Begin PBXProject section */
		089C1669FE841209C02AAC07 /* Project object */ = {
			isa = PBXProject;
			buildConfigurationList = 565DAE140C4FF78E008167FA /* Build configuration list for PBXProject "cgame" */;
			compatibilityVersion = "Xcode 2.4";
			hasScannedForEncodings = 1;
			mainGroup = 089C166AFE841209C02AAC07 /* cgame */;
			projectDirPath = "";
			projectRoot = "";
			targets = (
				565DADD20C4FF78D008167FA /* cgame */,
			);
		};
/* End PBXProject section */

/* Begin PBXResourcesBuildPhase section */
		565DADD40C4FF78D008167FA /* Resources */ = {
			isa = PBXResourcesBuildPhase;
			buildActionMask = 2147483647;
			files = (
				565DADD50C4FF78D008167FA /* InfoPlist.strings in Resources */,
				56E4CE2B121EFF36004E7206 /* Info-cgame.plist in Resources */,
			);
			runOnlyForDeploymentPostprocessing = 0;
		};
/* End PBXResourcesBuildPhase section */

/* Begin PBXRezBuildPhase section */
		565DAE0D0C4FF78D008167FA /* Rez */ = {
			isa = PBXRezBuildPhase;
			buildActionMask = 2147483647;
			files = (
			);
			runOnlyForDeploymentPostprocessing = 0;
		};
/* End PBXRezBuildPhase section */

/* Begin PBXSourcesBuildPhase section */
		565DADD60C4FF78D008167FA /* Sources */ = {
			isa = PBXSourcesBuildPhase;
			buildActionMask = 2147483647;
			files = (
				56E4CE4F121EFF71004E7206 /* cg_consolecmds.c in Sources */,
				56E4CE50121EFF71004E7206 /* cg_draw.c in Sources */,
				56E4CE51121EFF71004E7206 /* cg_drawtools.c in Sources */,
				56E4CE52121EFF71004E7206 /* cg_effects.c in Sources */,
				56E4CE53121EFF71004E7206 /* cg_ents.c in Sources */,
				56E4CE54121EFF71004E7206 /* cg_event.c in Sources */,
				56E4CE55121EFF71004E7206 /* cg_info.c in Sources */,
				56E4CE56121EFF71004E7206 /* cg_light.c in Sources */,
				56E4CE57121EFF71004E7206 /* cg_localents.c in Sources */,
				56E4CE58121EFF71004E7206 /* cg_main.c in Sources */,
				56E4CE59121EFF71004E7206 /* cg_marks.c in Sources */,
				56E4CE5A121EFF71004E7206 /* cg_newDraw.c in Sources */,
				56E4CE5B121EFF71004E7206 /* cg_players.c in Sources */,
				56E4CE5C121EFF71004E7206 /* cg_playerstate.c in Sources */,
				56E4CE5D121EFF71004E7206 /* cg_predict.c in Sources */,
				56E4CE5E121EFF71004E7206 /* cg_saga.c in Sources */,
				56E4CE5F121EFF71004E7206 /* cg_scoreboard.c in Sources */,
				56E4CE60121EFF71004E7206 /* cg_servercmds.c in Sources */,
				56E4CE61121EFF71004E7206 /* cg_snapshot.c in Sources */,
				56E4CE62121EFF71004E7206 /* cg_strap.c in Sources */,
				56E4CE63121EFF71004E7206 /* cg_syscalls.c in Sources */,
				56E4CE64121EFF71004E7206 /* cg_turret.c in Sources */,
				56E4CE65121EFF71004E7206 /* cg_view.c in Sources */,
				56E4CE66121EFF71004E7206 /* cg_weaponinit.c in Sources */,
				56E4CE67121EFF71004E7206 /* cg_weapons.c in Sources */,
				56E4CE68121EFF71004E7206 /* fx_blaster.c in Sources */,
				56E4CE69121EFF71004E7206 /* fx_bowcaster.c in Sources */,
				56E4CE6A121EFF71004E7206 /* fx_bryarpistol.c in Sources */,
				56E4CE6B121EFF71004E7206 /* fx_demp2.c in Sources */,
				56E4CE6C121EFF71004E7206 /* fx_disruptor.c in Sources */,
				56E4CE6D121EFF71004E7206 /* fx_flechette.c in Sources */,
				56E4CE6E121EFF71004E7206 /* fx_force.c in Sources */,
				56E4CE6F121EFF71004E7206 /* fx_heavyrepeater.c in Sources */,
				56E4CE70121EFF71004E7206 /* fx_rocketlauncher.c in Sources */,
				56E4CE83121EFFA3004E7206 /* AnimalNPC.c in Sources */,
				56E4CE84121EFFA3004E7206 /* bg_g2_utils.c in Sources */,
				56E4CE86121EFFA3004E7206 /* bg_misc.c in Sources */,
				56E4CE87121EFFA3004E7206 /* bg_panimate.c in Sources */,
				56E4CE88121EFFA3004E7206 /* bg_pmove.c in Sources */,
				56E4CE89121EFFA3004E7206 /* bg_saber.c in Sources */,
				56E4CE8A121EFFA3004E7206 /* bg_saberLoad.c in Sources */,
				56E4CE8B121EFFA3004E7206 /* bg_saga.c in Sources */,
				56E4CE8C121EFFA3004E7206 /* bg_slidemove.c in Sources */,
				56E4CE8D121EFFA3004E7206 /* bg_vehicleLoad.c in Sources */,
				56E4CE8E121EFFA3004E7206 /* bg_weapons.c in Sources */,
				56E4CE8F121EFFA3004E7206 /* FighterNPC.c in Sources */,
				56E4CE90121EFFA3004E7206 /* q_math.c in Sources */,
				56E4CE91121EFFA3004E7206 /* q_shared.c in Sources */,
				56E4CE92121EFFA3004E7206 /* SpeederNPC.c in Sources */,
				56E4CE93121EFFA3004E7206 /* WalkerNPC.c in Sources */,
				56E4CE95121EFFB3004E7206 /* ui_shared.c in Sources */,
			);
			runOnlyForDeploymentPostprocessing = 0;
		};
/* End PBXSourcesBuildPhase section */

/* Begin PBXVariantGroup section */
		089C167DFE841241C02AAC07 /* InfoPlist.strings */ = {
			isa = PBXVariantGroup;
			children = (
				089C167EFE841241C02AAC07 /* English */,
			);
			name = InfoPlist.strings;
			sourceTree = "<group>";
		};
/* End PBXVariantGroup section */

/* Begin XCBuildConfiguration section */
		565DAE0F0C4FF78D008167FA /* Development */ = {
			isa = XCBuildConfiguration;
			buildSettings = {
				COPY_PHASE_STRIP = NO;
				FRAMEWORK_SEARCH_PATHS = "";
				GCC_DYNAMIC_NO_PIC = NO;
				GCC_ENABLE_FIX_AND_CONTINUE = YES;
				GCC_GENERATE_DEBUGGING_SYMBOLS = YES;
				GCC_OPTIMIZATION_LEVEL = 0;
				GCC_PREFIX_HEADER = MacPrefix_cgame.h;
				GCC_SYMBOLS_PRIVATE_EXTERN = NO;
				HEADER_SEARCH_PATHS = "";
				INFOPLIST_FILE = "Info-cgame.plist";
				LIBRARY_SEARCH_PATHS = "";
				OTHER_LDFLAGS = "";
				OTHER_REZFLAGS = "";
				PRODUCT_NAME = cgame;
				SECTORDER_FLAGS = "";
				WARNING_CFLAGS = (
					"-Wmost",
					"-Wno-four-char-constants",
					"-Wno-unknown-pragmas",
				);
				WRAPPER_EXTENSION = bundle;
				ZERO_LINK = YES;
			};
			name = Development;
		};
		565DAE100C4FF78D008167FA /* Deployment - Native */ = {
			isa = XCBuildConfiguration;
			buildSettings = {
				COPY_PHASE_STRIP = YES;
				FRAMEWORK_SEARCH_PATHS = "";
				GCC_ENABLE_FIX_AND_CONTINUE = NO;
				GCC_PREFIX_HEADER = MacPrefix_cgame.h;
				GCC_SYMBOLS_PRIVATE_EXTERN = NO;
				HEADER_SEARCH_PATHS = "";
				INFOPLIST_FILE = "Info-cgame.plist";
				LIBRARY_SEARCH_PATHS = "";
				OTHER_LDFLAGS = "";
				OTHER_REZFLAGS = "";
				PRODUCT_NAME = cgame;
				SECTORDER_FLAGS = "";
				WARNING_CFLAGS = (
					"-Wmost",
					"-Wno-four-char-constants",
					"-Wno-unknown-pragmas",
				);
				WRAPPER_EXTENSION = bundle;
				ZERO_LINK = NO;
			};
			name = "Deployment - Native";
		};
		565DAE150C4FF78E008167FA /* Development */ = {
			isa = XCBuildConfiguration;
			buildSettings = {
				COPY_PHASE_STRIP = NO;
				GCC_VERSION = "";
				MACOSX_DEPLOYMENT_TARGET = "";
				SDKROOT = "";
				STRIP_INSTALLED_PRODUCT = NO;
				USER_HEADER_SEARCH_PATHS = "..//**";
				VALID_ARCHS = "i386 ppc";
			};
			name = Development;
		};
		565DAE160C4FF78E008167FA /* Deployment - Native */ = {
			isa = XCBuildConfiguration;
			buildSettings = {
				COPY_PHASE_STRIP = YES;
				GCC_GENERATE_DEBUGGING_SYMBOLS = NO;
				GCC_PREPROCESSOR_DEFINITIONS = "FINAL_BUILD=1";
				GCC_VERSION = "";
				MACOSX_DEPLOYMENT_TARGET = "";
				SDKROOT = "";
				STRIP_INSTALLED_PRODUCT = YES;
				USER_HEADER_SEARCH_PATHS = "..//**";
				VALID_ARCHS = "i386 ppc";
			};
			name = "Deployment - Native";
		};
		565DAE1D0C4FF7C9008167FA /* Deployment - Universal */ = {
			isa = XCBuildConfiguration;
			buildSettings = {
				COPY_PHASE_STRIP = YES;
				FRAMEWORK_SEARCH_PATHS = "";
				GCC_ENABLE_FIX_AND_CONTINUE = NO;
				GCC_PREFIX_HEADER = MacPrefix_cgame.h;
				GCC_SYMBOLS_PRIVATE_EXTERN = NO;
				HEADER_SEARCH_PATHS = "";
				INFOPLIST_FILE = "Info-cgame.plist";
				LIBRARY_SEARCH_PATHS = "";
				OTHER_LDFLAGS = "";
				OTHER_REZFLAGS = "";
				PRODUCT_NAME = cgame;
				SECTORDER_FLAGS = "";
				WARNING_CFLAGS = (
					"-Wmost",
					"-Wno-four-char-constants",
					"-Wno-unknown-pragmas",
				);
				WRAPPER_EXTENSION = bundle;
				ZERO_LINK = NO;
			};
			name = "Deployment - Universal";
		};
		565DAE1F0C4FF7C9008167FA /* Deployment - Universal */ = {
			isa = XCBuildConfiguration;
			buildSettings = {
				ARCHS = (
					ppc,
					i386,
				);
				COPY_PHASE_STRIP = YES;
				GCC_GENERATE_DEBUGGING_SYMBOLS = NO;
				GCC_PREPROCESSOR_DEFINITIONS = "FINAL_BUILD=1";
				GCC_VERSION = 4.0;
				SDKROOT = /Developer/SDKs/MacOSX10.4u.sdk;
				STRIP_INSTALLED_PRODUCT = YES;
				USER_HEADER_SEARCH_PATHS = "..//**";
				VALID_ARCHS = "i386 ppc";
			};
			name = "Deployment - Universal";
		};
/* End XCBuildConfiguration section */

/* Begin XCConfigurationList section */
		565DAE0E0C4FF78D008167FA /* Build configuration list for PBXNativeTarget "cgame" */ = {
			isa = XCConfigurationList;
			buildConfigurations = (
				565DAE0F0C4FF78D008167FA /* Development */,
				565DAE100C4FF78D008167FA /* Deployment - Native */,
				565DAE1D0C4FF7C9008167FA /* Deployment - Universal */,
			);
			defaultConfigurationIsVisible = 0;
			defaultConfigurationName = Development;
		};
		565DAE140C4FF78E008167FA /* Build configuration list for PBXProject "cgame" */ = {
			isa = XCConfigurationList;
			buildConfigurations = (
				565DAE150C4FF78E008167FA /* Development */,
				565DAE160C4FF78E008167FA /* Deployment - Native */,
				565DAE1F0C4FF7C9008167FA /* Deployment - Universal */,
			);
			defaultConfigurationIsVisible = 0;
			defaultConfigurationName = Development;
		};
/* End XCConfigurationList section */
	};
	rootObject = 089C1669FE841209C02AAC07 /* Project object */;
}
